
Microsoft Visual Studio Solution File, Format Version 12.00
# Visual Studio 15
VisualStudioVersion = 15.0.26124.0
MinimumVisualStudioVersion = 15.0.26124.0
Project("{FAE04EC0-301F-11D3-BF4B-00C04F79EFBC}") = "Generator", "src\Generator\Generator.csproj", "{61B5B7CC-7663-4E1E-A58C-F062092FF22B}"
EndProject
Project("{2150E333-8FDC-42A3-9474-1A3956D46DE8}") = "src", "src", "{9E6A521E-ED30-49FB-8363-887E5EC15B08}"
EndProject
Project("{FAE04EC0-301F-11D3-BF4B-00C04F79EFBC}") = "Attributes", "src\Attributes\Attributes.csproj", "{54D457D8-E4C0-445F-ADA3-E632C7433AAE}"
EndProject
Project("{FAE04EC0-301F-11D3-BF4B-00C04F79EFBC}") = "Metapackage", "src\Metapackage\Metapackage.csproj", "{12080A6F-729A-4405-B287-9119D50D844B}"
EndProject
Project("{FAE04EC0-301F-11D3-BF4B-00C04F79EFBC}") = "Core", "src\Core\Core.csproj", "{7CD6D901-0746-4298-8513-C29E00292684}"
EndProject
Project("{FAE04EC0-301F-11D3-BF4B-00C04F79EFBC}") = "Encryption", "src\Encryption\Encryption.csproj", "{AE907611-F50B-4678-BACE-789858040366}"
EndProject
Project("{FAE04EC0-301F-11D3-BF4B-00C04F79EFBC}") = "Tests", "tests\Tests.csproj", "{6B6E93F6-8DF3-4A91-BAFB-2A405CDCCFB4}"
EndProject
Project("{FAE04EC0-301F-11D3-BF4B-00C04F79EFBC}") = "Templates", "src\Templates\Templates.csproj", "{428A8E8E-661A-4BF0-87C3-28B4FEDD775A}"
EndProject
Project("{FAE04EC0-301F-11D3-BF4B-00C04F79EFBC}") = "Runtime", "src\Runtime\Runtime.csproj", "{10BC22CC-D4F2-46C6-B66E-7857F0423B58}"
EndProject
Project("{FAE04EC0-301F-11D3-BF4B-00C04F79EFBC}") = "Layer", "src\Layer\Layer.csproj", "{F562BC8F-7876-4CF6-9161-58733831099E}"
EndProject
Global
	GlobalSection(SolutionConfigurationPlatforms) = preSolution
		Debug|Any CPU = Debug|Any CPU
		Debug|x64 = Debug|x64
		Debug|x86 = Debug|x86
		Release|Any CPU = Release|Any CPU
		Release|x64 = Release|x64
		Release|x86 = Release|x86
	EndGlobalSection
	GlobalSection(SolutionProperties) = preSolution
		HideSolutionNode = FALSE
	EndGlobalSection
	GlobalSection(ProjectConfigurationPlatforms) = postSolution
		{61B5B7CC-7663-4E1E-A58C-F062092FF22B}.Debug|Any CPU.ActiveCfg = Debug|Any CPU
		{61B5B7CC-7663-4E1E-A58C-F062092FF22B}.Debug|Any CPU.Build.0 = Debug|Any CPU
		{61B5B7CC-7663-4E1E-A58C-F062092FF22B}.Debug|x64.ActiveCfg = Debug|Any CPU
		{61B5B7CC-7663-4E1E-A58C-F062092FF22B}.Debug|x64.Build.0 = Debug|Any CPU
		{61B5B7CC-7663-4E1E-A58C-F062092FF22B}.Debug|x86.ActiveCfg = Debug|Any CPU
		{61B5B7CC-7663-4E1E-A58C-F062092FF22B}.Debug|x86.Build.0 = Debug|Any CPU
		{61B5B7CC-7663-4E1E-A58C-F062092FF22B}.Release|Any CPU.ActiveCfg = Release|Any CPU
		{61B5B7CC-7663-4E1E-A58C-F062092FF22B}.Release|Any CPU.Build.0 = Release|Any CPU
		{61B5B7CC-7663-4E1E-A58C-F062092FF22B}.Release|x64.ActiveCfg = Release|Any CPU
		{61B5B7CC-7663-4E1E-A58C-F062092FF22B}.Release|x64.Build.0 = Release|Any CPU
		{61B5B7CC-7663-4E1E-A58C-F062092FF22B}.Release|x86.ActiveCfg = Release|Any CPU
		{61B5B7CC-7663-4E1E-A58C-F062092FF22B}.Release|x86.Build.0 = Release|Any CPU
		{54D457D8-E4C0-445F-ADA3-E632C7433AAE}.Debug|Any CPU.ActiveCfg = Debug|Any CPU
		{54D457D8-E4C0-445F-ADA3-E632C7433AAE}.Debug|Any CPU.Build.0 = Debug|Any CPU
		{54D457D8-E4C0-445F-ADA3-E632C7433AAE}.Debug|x64.ActiveCfg = Debug|Any CPU
		{54D457D8-E4C0-445F-ADA3-E632C7433AAE}.Debug|x64.Build.0 = Debug|Any CPU
		{54D457D8-E4C0-445F-ADA3-E632C7433AAE}.Debug|x86.ActiveCfg = Debug|Any CPU
		{54D457D8-E4C0-445F-ADA3-E632C7433AAE}.Debug|x86.Build.0 = Debug|Any CPU
		{54D457D8-E4C0-445F-ADA3-E632C7433AAE}.Release|Any CPU.ActiveCfg = Release|Any CPU
		{54D457D8-E4C0-445F-ADA3-E632C7433AAE}.Release|Any CPU.Build.0 = Release|Any CPU
		{54D457D8-E4C0-445F-ADA3-E632C7433AAE}.Release|x64.ActiveCfg = Release|Any CPU
		{54D457D8-E4C0-445F-ADA3-E632C7433AAE}.Release|x64.Build.0 = Release|Any CPU
		{54D457D8-E4C0-445F-ADA3-E632C7433AAE}.Release|x86.ActiveCfg = Release|Any CPU
		{54D457D8-E4C0-445F-ADA3-E632C7433AAE}.Release|x86.Build.0 = Release|Any CPU
		{12080A6F-729A-4405-B287-9119D50D844B}.Debug|Any CPU.ActiveCfg = Debug|Any CPU
		{12080A6F-729A-4405-B287-9119D50D844B}.Debug|Any CPU.Build.0 = Debug|Any CPU
		{12080A6F-729A-4405-B287-9119D50D844B}.Debug|x64.ActiveCfg = Debug|Any CPU
		{12080A6F-729A-4405-B287-9119D50D844B}.Debug|x64.Build.0 = Debug|Any CPU
		{12080A6F-729A-4405-B287-9119D50D844B}.Debug|x86.ActiveCfg = Debug|Any CPU
		{12080A6F-729A-4405-B287-9119D50D844B}.Debug|x86.Build.0 = Debug|Any CPU
		{12080A6F-729A-4405-B287-9119D50D844B}.Release|Any CPU.ActiveCfg = Release|Any CPU
		{12080A6F-729A-4405-B287-9119D50D844B}.Release|Any CPU.Build.0 = Release|Any CPU
		{12080A6F-729A-4405-B287-9119D50D844B}.Release|x64.ActiveCfg = Release|Any CPU
		{12080A6F-729A-4405-B287-9119D50D844B}.Release|x64.Build.0 = Release|Any CPU
		{12080A6F-729A-4405-B287-9119D50D844B}.Release|x86.ActiveCfg = Release|Any CPU
		{12080A6F-729A-4405-B287-9119D50D844B}.Release|x86.Build.0 = Release|Any CPU
		{7CD6D901-0746-4298-8513-C29E00292684}.Debug|Any CPU.ActiveCfg = Debug|Any CPU
		{7CD6D901-0746-4298-8513-C29E00292684}.Debug|Any CPU.Build.0 = Debug|Any CPU
		{7CD6D901-0746-4298-8513-C29E00292684}.Debug|x64.ActiveCfg = Debug|Any CPU
		{7CD6D901-0746-4298-8513-C29E00292684}.Debug|x64.Build.0 = Debug|Any CPU
		{7CD6D901-0746-4298-8513-C29E00292684}.Debug|x86.ActiveCfg = Debug|Any CPU
		{7CD6D901-0746-4298-8513-C29E00292684}.Debug|x86.Build.0 = Debug|Any CPU
		{7CD6D901-0746-4298-8513-C29E00292684}.Release|Any CPU.ActiveCfg = Release|Any CPU
		{7CD6D901-0746-4298-8513-C29E00292684}.Release|Any CPU.Build.0 = Release|Any CPU
		{7CD6D901-0746-4298-8513-C29E00292684}.Release|x64.ActiveCfg = Release|Any CPU
		{7CD6D901-0746-4298-8513-C29E00292684}.Release|x64.Build.0 = Release|Any CPU
		{7CD6D901-0746-4298-8513-C29E00292684}.Release|x86.ActiveCfg = Release|Any CPU
		{7CD6D901-0746-4298-8513-C29E00292684}.Release|x86.Build.0 = Release|Any CPU
		{AE907611-F50B-4678-BACE-789858040366}.Debug|Any CPU.ActiveCfg = Debug|Any CPU
		{AE907611-F50B-4678-BACE-789858040366}.Debug|Any CPU.Build.0 = Debug|Any CPU
		{AE907611-F50B-4678-BACE-789858040366}.Debug|x64.ActiveCfg = Debug|Any CPU
		{AE907611-F50B-4678-BACE-789858040366}.Debug|x64.Build.0 = Debug|Any CPU
		{AE907611-F50B-4678-BACE-789858040366}.Debug|x86.ActiveCfg = Debug|Any CPU
		{AE907611-F50B-4678-BACE-789858040366}.Debug|x86.Build.0 = Debug|Any CPU
		{AE907611-F50B-4678-BACE-789858040366}.Release|Any CPU.ActiveCfg = Release|Any CPU
		{AE907611-F50B-4678-BACE-789858040366}.Release|Any CPU.Build.0 = Release|Any CPU
		{AE907611-F50B-4678-BACE-789858040366}.Release|x64.ActiveCfg = Release|Any CPU
		{AE907611-F50B-4678-BACE-789858040366}.Release|x64.Build.0 = Release|Any CPU
		{AE907611-F50B-4678-BACE-789858040366}.Release|x86.ActiveCfg = Release|Any CPU
		{AE907611-F50B-4678-BACE-789858040366}.Release|x86.Build.0 = Release|Any CPU
		{6B6E93F6-8DF3-4A91-BAFB-2A405CDCCFB4}.Debug|Any CPU.ActiveCfg = Debug|Any CPU
		{6B6E93F6-8DF3-4A91-BAFB-2A405CDCCFB4}.Debug|Any CPU.Build.0 = Debug|Any CPU
		{6B6E93F6-8DF3-4A91-BAFB-2A405CDCCFB4}.Debug|x64.ActiveCfg = Debug|Any CPU
		{6B6E93F6-8DF3-4A91-BAFB-2A405CDCCFB4}.Debug|x64.Build.0 = Debug|Any CPU
		{6B6E93F6-8DF3-4A91-BAFB-2A405CDCCFB4}.Debug|x86.ActiveCfg = Debug|Any CPU
		{6B6E93F6-8DF3-4A91-BAFB-2A405CDCCFB4}.Debug|x86.Build.0 = Debug|Any CPU
		{6B6E93F6-8DF3-4A91-BAFB-2A405CDCCFB4}.Release|Any CPU.ActiveCfg = Release|Any CPU
		{6B6E93F6-8DF3-4A91-BAFB-2A405CDCCFB4}.Release|Any CPU.Build.0 = Release|Any CPU
		{6B6E93F6-8DF3-4A91-BAFB-2A405CDCCFB4}.Release|x64.ActiveCfg = Release|Any CPU
		{6B6E93F6-8DF3-4A91-BAFB-2A405CDCCFB4}.Release|x64.Build.0 = Release|Any CPU
		{6B6E93F6-8DF3-4A91-BAFB-2A405CDCCFB4}.Release|x86.ActiveCfg = Release|Any CPU
		{6B6E93F6-8DF3-4A91-BAFB-2A405CDCCFB4}.Release|x86.Build.0 = Release|Any CPU
		{428A8E8E-661A-4BF0-87C3-28B4FEDD775A}.Debug|Any CPU.ActiveCfg = Debug|Any CPU
		{428A8E8E-661A-4BF0-87C3-28B4FEDD775A}.Debug|Any CPU.Build.0 = Debug|Any CPU
		{428A8E8E-661A-4BF0-87C3-28B4FEDD775A}.Debug|x64.ActiveCfg = Debug|Any CPU
		{428A8E8E-661A-4BF0-87C3-28B4FEDD775A}.Debug|x64.Build.0 = Debug|Any CPU
		{428A8E8E-661A-4BF0-87C3-28B4FEDD775A}.Debug|x86.ActiveCfg = Debug|Any CPU
		{428A8E8E-661A-4BF0-87C3-28B4FEDD775A}.Debug|x86.Build.0 = Debug|Any CPU
		{428A8E8E-661A-4BF0-87C3-28B4FEDD775A}.Release|Any CPU.ActiveCfg = Release|Any CPU
		{428A8E8E-661A-4BF0-87C3-28B4FEDD775A}.Release|Any CPU.Build.0 = Release|Any CPU
		{428A8E8E-661A-4BF0-87C3-28B4FEDD775A}.Release|x64.ActiveCfg = Release|Any CPU
		{428A8E8E-661A-4BF0-87C3-28B4FEDD775A}.Release|x64.Build.0 = Release|Any CPU
		{428A8E8E-661A-4BF0-87C3-28B4FEDD775A}.Release|x86.ActiveCfg = Release|Any CPU
		{428A8E8E-661A-4BF0-87C3-28B4FEDD775A}.Release|x86.Build.0 = Release|Any CPU
		{10BC22CC-D4F2-46C6-B66E-7857F0423B58}.Debug|Any CPU.ActiveCfg = Debug|Any CPU
		{10BC22CC-D4F2-46C6-B66E-7857F0423B58}.Debug|Any CPU.Build.0 = Debug|Any CPU
		{10BC22CC-D4F2-46C6-B66E-7857F0423B58}.Debug|x64.ActiveCfg = Debug|Any CPU
		{10BC22CC-D4F2-46C6-B66E-7857F0423B58}.Debug|x64.Build.0 = Debug|Any CPU
		{10BC22CC-D4F2-46C6-B66E-7857F0423B58}.Debug|x86.ActiveCfg = Debug|Any CPU
		{10BC22CC-D4F2-46C6-B66E-7857F0423B58}.Debug|x86.Build.0 = Debug|Any CPU
		{10BC22CC-D4F2-46C6-B66E-7857F0423B58}.Release|Any CPU.ActiveCfg = Release|Any CPU
		{10BC22CC-D4F2-46C6-B66E-7857F0423B58}.Release|Any CPU.Build.0 = Release|Any CPU
		{10BC22CC-D4F2-46C6-B66E-7857F0423B58}.Release|x64.ActiveCfg = Release|Any CPU
		{10BC22CC-D4F2-46C6-B66E-7857F0423B58}.Release|x64.Build.0 = Release|Any CPU
		{10BC22CC-D4F2-46C6-B66E-7857F0423B58}.Release|x86.ActiveCfg = Release|Any CPU
		{10BC22CC-D4F2-46C6-B66E-7857F0423B58}.Release|x86.Build.0 = Release|Any CPU
		{F562BC8F-7876-4CF6-9161-58733831099E}.Debug|Any CPU.ActiveCfg = Debug|Any CPU
		{F562BC8F-7876-4CF6-9161-58733831099E}.Debug|Any CPU.Build.0 = Debug|Any CPU
		{F562BC8F-7876-4CF6-9161-58733831099E}.Debug|x64.ActiveCfg = Debug|Any CPU
		{F562BC8F-7876-4CF6-9161-58733831099E}.Debug|x64.Build.0 = Debug|Any CPU
		{F562BC8F-7876-4CF6-9161-58733831099E}.Debug|x86.ActiveCfg = Debug|Any CPU
		{F562BC8F-7876-4CF6-9161-58733831099E}.Debug|x86.Build.0 = Debug|Any CPU
		{F562BC8F-7876-4CF6-9161-58733831099E}.Release|Any CPU.ActiveCfg = Release|Any CPU
		{F562BC8F-7876-4CF6-9161-58733831099E}.Release|Any CPU.Build.0 = Release|Any CPU
		{F562BC8F-7876-4CF6-9161-58733831099E}.Release|x64.ActiveCfg = Release|Any CPU
		{F562BC8F-7876-4CF6-9161-58733831099E}.Release|x64.Build.0 = Release|Any CPU
		{F562BC8F-7876-4CF6-9161-58733831099E}.Release|x86.ActiveCfg = Release|Any CPU
		{F562BC8F-7876-4CF6-9161-58733831099E}.Release|x86.Build.0 = Release|Any CPU
	EndGlobalSection
	GlobalSection(NestedProjects) = preSolution
		{54D457D8-E4C0-445F-ADA3-E632C7433AAE} = {9E6A521E-ED30-49FB-8363-887E5EC15B08}
		{12080A6F-729A-4405-B287-9119D50D844B} = {9E6A521E-ED30-49FB-8363-887E5EC15B08}
		{7CD6D901-0746-4298-8513-C29E00292684} = {9E6A521E-ED30-49FB-8363-887E5EC15B08}
		{AE907611-F50B-4678-BACE-789858040366} = {9E6A521E-ED30-49FB-8363-887E5EC15B08}
		{428A8E8E-661A-4BF0-87C3-28B4FEDD775A} = {9E6A521E-ED30-49FB-8363-887E5EC15B08}
		{10BC22CC-D4F2-46C6-B66E-7857F0423B58} = {9E6A521E-ED30-49FB-8363-887E5EC15B08}
		{F562BC8F-7876-4CF6-9161-58733831099E} = {9E6A521E-ED30-49FB-8363-887E5EC15B08}
	EndGlobalSection
EndGlobal
