{
  "version": 1,
  "dependencies": {
    ".NETStandard,Version=v2.1": {
      "Amazon.Lambda.RuntimeSupport": {
        "type": "Direct",
        "requested": "[1.2.0, )",
        "resolved": "1.2.0",
        "contentHash": "eCNthjnvM5yQnM4KvdvYVd6/gMIJ51T5K0BAQ9GAP0coF4izniFMrRnv2C14qZ/RkssYX5kKN2H3RUxjQlpfmQ==",
        "dependencies": {
          "Amazon.Lambda.Core": "1.2.0",
          "NSwag.MSBuild": "12.0.4"
        }
      },
      "Microsoft.CodeAnalysis.CSharp.CodeStyle": {
        "type": "Direct",
        "requested": "[3.8.0-5.final, )",
        "resolved": "3.8.0-5.final",
        "contentHash": "fc0GooFJCJUbAXuatlAhKJw3Uv3ZL9p3zVVn+Ew4U8q0jZY+aTa1fRtn1IrjeZx7rbzNrrQbJX8S90VZhOwJ/g=="
      },
      "Microsoft.CodeAnalysis.FxCopAnalyzers": {
        "type": "Direct",
        "requested": "[3.3.1, )",
        "resolved": "3.3.1",
        "contentHash": "O6L7wOD6dmytWZr4ulw6wLYk8QmsO/TlBHyWOB2OQKnUm31JGOXEncJjVm8Fw24BDzP22wfsleWFidiNU/DIsA==",
        "dependencies": {
          "Microsoft.CodeAnalysis.VersionCheckAnalyzer": "[3.3.1]",
          "Microsoft.CodeQuality.Analyzers": "[3.3.1]",
          "Microsoft.NetCore.Analyzers": "[3.3.1]",
          "Microsoft.NetFramework.Analyzers": "[3.3.1]"
        }
      },
      "Microsoft.SourceLink.GitHub": {
        "type": "Direct",
        "requested": "[1.0.0, )",
        "resolved": "1.0.0",
        "contentHash": "aZyGyGg2nFSxix+xMkPmlmZSsnGQ3w+mIG23LTxJZHN+GPwTQ5FpPgDo7RMOq+Kcf5D4hFWfXkGhoGstawX13Q==",
        "dependencies": {
          "Microsoft.Build.Tasks.Git": "1.0.0",
          "Microsoft.SourceLink.Common": "1.0.0"
        }
      },
      "Nerdbank.GitVersioning": {
        "type": "Direct",
        "requested": "[3.3.37, )",
        "resolved": "3.3.37",
        "contentHash": "YlDKV/gSHQGDThWSGqVyPfKeNP/kx1fj/NPFFgGc/cxzgIbXv4jtYOcbFOz3ZIeAKtpCcSAmVNDOikBs3OxI/A=="
      },
      "StyleCop.Analyzers": {
        "type": "Direct",
        "requested": "[1.2.0-beta.205, )",
        "resolved": "1.2.0-beta.205",
        "contentHash": "ORvUXKlJRqAWstZiSH9LgEuM5hBye8mUDDSpMoQhiKLFUtFEGesfr88Qa8jC0KKVaBTUZzdo4fNZM4oHeV/JsQ==",
        "dependencies": {
          "StyleCop.Analyzers.Unstable": "1.2.0.205"
        }
      },
      "Amazon.Lambda.Core": {
        "type": "Transitive",
        "resolved": "1.2.0",
        "contentHash": "goaq1LaH1UJB18BNG/Apxmn0P7dAlLWFbxU2nKxK+M4lH2KJaZDbtlP2gFEAJ+aENOMBHthaLPEtk3944J2OOg=="
      },
      "Microsoft.Build.Tasks.Git": {
        "type": "Transitive",
        "resolved": "1.0.0",
        "contentHash": "z2fpmmt+1Jfl+ZnBki9nSP08S1/tbEOxFdsK1rSR+LBehIJz1Xv9/6qOOoGNqlwnAGGVGis1Oj6S8Kt9COEYlQ=="
      },
      "Microsoft.CodeAnalysis.VersionCheckAnalyzer": {
        "type": "Transitive",
        "resolved": "3.3.1",
        "contentHash": "ZUMf70abtWvwevkLFOlEHDck81oZCsi9jBHODDSSH2YPQdtCKzeQfaWWnAmn2ii7N3Q2V2arOj4Mu8ZTTSs3PA=="
      },
      "Microsoft.CodeQuality.Analyzers": {
        "type": "Transitive",
        "resolved": "3.3.1",
        "contentHash": "h6o+zBUf47OFarRQn6LjwUNFvRUyUWLWcnunw6vLCxSDBmgPDQCsrsWpEtMz/+NKBvOeikVJobscarx3Wgtbiw=="
      },
      "Microsoft.NetCore.Analyzers": {
        "type": "Transitive",
        "resolved": "3.3.1",
        "contentHash": "8Ez3EImhFioAsB4bR2bBLA3Pkcz8K/VI6jPdnm98nLu+rodZU8s8QRjRnkrQEnC6VcVAVZJ8W7DL9yrfDsgjqQ=="
      },
      "Microsoft.NetFramework.Analyzers": {
        "type": "Transitive",
        "resolved": "3.3.1",
        "contentHash": "EI5Afqt03Kq4Wy5Ot6nGvnwunisM9ORi5L9fteCCOK1Wh283wAhM1dIOWOsBN3jlFbw1VTeVPR8oPz9J9xlHLw=="
      },
      "Microsoft.SourceLink.Common": {
        "type": "Transitive",
        "resolved": "1.0.0",
        "contentHash": "G8DuQY8/DK5NN+3jm5wcMcd9QYD90UV7MiLmdljSJixi3U/vNaeBKmmXUqI4DJCOeWizIUEh4ALhSt58mR+5eg=="
      },
      "NSwag.MSBuild": {
        "type": "Transitive",
        "resolved": "12.0.4",
        "contentHash": "4Gqf64I2j3Y5UyxtdvPW4H8h8RgY2e6Cp6++T30/v0aXS9UhErPKg35GKz3nSKRUesjYQh7Duy3cPnDCDdGlMg=="
      },
      "StyleCop.Analyzers.Unstable": {
        "type": "Transitive",
        "resolved": "1.2.0.205",
        "contentHash": "YiRjba3yBp2mCvtsOeQf8XU1tPaOZFTKxcsj44tTpGrhRchmtuKtgyMCV9kkOFdfKISnHk0gzhigITlrrrvMuA=="
      }
    }
  }
}