{
  "version": 1,
  "dependencies": {
    ".NETStandard,Version=v2.1": {
      "Amazon.Lambda.RuntimeSupport": {
        "type": "Direct",
        "requested": "[1.2.0, )",
        "resolved": "1.2.0",
        "contentHash": "eCNthjnvM5yQnM4KvdvYVd6/gMIJ51T5K0BAQ9GAP0coF4izniFMrRnv2C14qZ/RkssYX5kKN2H3RUxjQlpfmQ==",
        "dependencies": {
          "Amazon.Lambda.Core": "1.2.0",
          "NSwag.MSBuild": "12.0.4"
        }
      },
      "Microsoft.CodeAnalysis.CSharp.CodeStyle": {
        "type": "Direct",
        "requested": "[3.8.0-5.final, )",
        "resolved": "3.8.0-5.final",
        "contentHash": "fc0GooFJCJUbAXuatlAhKJw3Uv3ZL9p3zVVn+Ew4U8q0jZY+aTa1fRtn1IrjeZx7rbzNrrQbJX8S90VZhOwJ/g=="
      },
      "Microsoft.CodeAnalysis.FxCopAnalyzers": {
        "type": "Direct",
        "requested": "[3.3.0, )",
        "resolved": "3.3.0",
        "contentHash": "k3Icqx8kc+NrHImuiB8Jc/wd32Xeyd2B/7HOR5Qu9pyKzXQ4ikPeBAwzG2FSTuYhyIuNWvwL5k9yYBbbVz6w9w==",
        "dependencies": {
          "Microsoft.CodeAnalysis.VersionCheckAnalyzer": "[3.3.0]",
          "Microsoft.CodeQuality.Analyzers": "[3.3.0]",
          "Microsoft.NetCore.Analyzers": "[3.3.0]",
          "Microsoft.NetFramework.Analyzers": "[3.3.0]"
        }
      },
      "Microsoft.SourceLink.GitHub": {
        "type": "Direct",
        "requested": "[1.0.0, )",
        "resolved": "1.0.0",
        "contentHash": "aZyGyGg2nFSxix+xMkPmlmZSsnGQ3w+mIG23LTxJZHN+GPwTQ5FpPgDo7RMOq+Kcf5D4hFWfXkGhoGstawX13Q==",
        "dependencies": {
          "Microsoft.Build.Tasks.Git": "1.0.0",
          "Microsoft.SourceLink.Common": "1.0.0"
        }
      },
      "Nerdbank.GitVersioning": {
        "type": "Direct",
        "requested": "[3.3.37, )",
        "resolved": "3.3.37",
        "contentHash": "YlDKV/gSHQGDThWSGqVyPfKeNP/kx1fj/NPFFgGc/cxzgIbXv4jtYOcbFOz3ZIeAKtpCcSAmVNDOikBs3OxI/A=="
      },
      "StyleCop.Analyzers": {
        "type": "Direct",
        "requested": "[1.2.0-beta.205, )",
        "resolved": "1.2.0-beta.205",
        "contentHash": "ORvUXKlJRqAWstZiSH9LgEuM5hBye8mUDDSpMoQhiKLFUtFEGesfr88Qa8jC0KKVaBTUZzdo4fNZM4oHeV/JsQ==",
        "dependencies": {
          "StyleCop.Analyzers.Unstable": "1.2.0.205"
        }
      },
      "Amazon.Lambda.Core": {
        "type": "Transitive",
        "resolved": "1.2.0",
        "contentHash": "goaq1LaH1UJB18BNG/Apxmn0P7dAlLWFbxU2nKxK+M4lH2KJaZDbtlP2gFEAJ+aENOMBHthaLPEtk3944J2OOg=="
      },
      "Microsoft.Build.Tasks.Git": {
        "type": "Transitive",
        "resolved": "1.0.0",
        "contentHash": "z2fpmmt+1Jfl+ZnBki9nSP08S1/tbEOxFdsK1rSR+LBehIJz1Xv9/6qOOoGNqlwnAGGVGis1Oj6S8Kt9COEYlQ=="
      },
      "Microsoft.CodeAnalysis.VersionCheckAnalyzer": {
        "type": "Transitive",
        "resolved": "3.3.0",
        "contentHash": "xjLM3DRFZMan3nQyBQEM1mBw6VqQybi4iMJhMFW6Ic1E1GCvqJR3ABOwEL7WtQjDUzxyrGld9bASnAos7G/Xyg=="
      },
      "Microsoft.CodeQuality.Analyzers": {
        "type": "Transitive",
        "resolved": "3.3.0",
        "contentHash": "zZ3miq6u22UFQKhfJyLnVEJ+DgeOopLh3eKJnKAcOetPP2hiv3wa7kHZlBDeTvtqJQiAQhAVbttket8XxjN1zw=="
      },
      "Microsoft.NetCore.Analyzers": {
        "type": "Transitive",
        "resolved": "3.3.0",
        "contentHash": "6qptTHUu1Wfszuf83NhU0IoAb4j7YWOpJs6oc6S4G/nI6aGGWKH/Xi5Vs9L/8lrI74ijEEzPcIwafSQW5ASHtA=="
      },
      "Microsoft.NetFramework.Analyzers": {
        "type": "Transitive",
        "resolved": "3.3.0",
        "contentHash": "JTfMic5fEFWICePbr7GXOGPranqS9Qxu2U/BZEcnnGbK1SFW8TxRyGp6O1L52xsbfOdqmzjc0t5ubhDrjj+Xpg=="
      },
      "Microsoft.SourceLink.Common": {
        "type": "Transitive",
        "resolved": "1.0.0",
        "contentHash": "G8DuQY8/DK5NN+3jm5wcMcd9QYD90UV7MiLmdljSJixi3U/vNaeBKmmXUqI4DJCOeWizIUEh4ALhSt58mR+5eg=="
      },
      "NSwag.MSBuild": {
        "type": "Transitive",
        "resolved": "12.0.4",
        "contentHash": "4Gqf64I2j3Y5UyxtdvPW4H8h8RgY2e6Cp6++T30/v0aXS9UhErPKg35GKz3nSKRUesjYQh7Duy3cPnDCDdGlMg=="
      },
      "StyleCop.Analyzers.Unstable": {
        "type": "Transitive",
        "resolved": "1.2.0.205",
        "contentHash": "YiRjba3yBp2mCvtsOeQf8XU1tPaOZFTKxcsj44tTpGrhRchmtuKtgyMCV9kkOFdfKISnHk0gzhigITlrrrvMuA=="
      }
    }
  }
}