{
  "version": 1,
  "dependencies": {
    ".NETStandard,Version=v2.1": {
      "Microsoft.CodeAnalysis.CSharp.CodeStyle": {
        "type": "Direct",
        "requested": "[3.8.0-1.20330.5, )",
        "resolved": "3.8.0-1.20330.5",
        "contentHash": "0zUYloT5NiZGNjK0IvSSoe7gCg9RpQT0CmtgkHqp5VVNw8KvdlqXuVGawutAGvBuISMfCqlQ3Wu30VYbeI1DqA=="
      },
      "Microsoft.CodeAnalysis.FxCopAnalyzers": {
        "type": "Direct",
        "requested": "[3.3.0, )",
        "resolved": "3.3.0",
        "contentHash": "k3Icqx8kc+NrHImuiB8Jc/wd32Xeyd2B/7HOR5Qu9pyKzXQ4ikPeBAwzG2FSTuYhyIuNWvwL5k9yYBbbVz6w9w==",
        "dependencies": {
          "Microsoft.CodeAnalysis.VersionCheckAnalyzer": "[3.3.0]",
          "Microsoft.CodeQuality.Analyzers": "[3.3.0]",
          "Microsoft.NetCore.Analyzers": "[3.3.0]",
          "Microsoft.NetFramework.Analyzers": "[3.3.0]"
        }
      },
      "Microsoft.SourceLink.GitHub": {
        "type": "Direct",
        "requested": "[1.0.0, )",
        "resolved": "1.0.0",
        "contentHash": "aZyGyGg2nFSxix+xMkPmlmZSsnGQ3w+mIG23LTxJZHN+GPwTQ5FpPgDo7RMOq+Kcf5D4hFWfXkGhoGstawX13Q==",
        "dependencies": {
          "Microsoft.Build.Tasks.Git": "1.0.0",
          "Microsoft.SourceLink.Common": "1.0.0"
        }
      },
      "Nerdbank.GitVersioning": {
        "type": "Direct",
        "requested": "[3.3.37, )",
        "resolved": "3.3.37",
        "contentHash": "YlDKV/gSHQGDThWSGqVyPfKeNP/kx1fj/NPFFgGc/cxzgIbXv4jtYOcbFOz3ZIeAKtpCcSAmVNDOikBs3OxI/A=="
      },
      "Microsoft.Build.Tasks.Git": {
        "type": "Transitive",
        "resolved": "1.0.0",
        "contentHash": "z2fpmmt+1Jfl+ZnBki9nSP08S1/tbEOxFdsK1rSR+LBehIJz1Xv9/6qOOoGNqlwnAGGVGis1Oj6S8Kt9COEYlQ=="
      },
      "Microsoft.CodeAnalysis.VersionCheckAnalyzer": {
        "type": "Transitive",
        "resolved": "3.3.0",
        "contentHash": "xjLM3DRFZMan3nQyBQEM1mBw6VqQybi4iMJhMFW6Ic1E1GCvqJR3ABOwEL7WtQjDUzxyrGld9bASnAos7G/Xyg=="
      },
      "Microsoft.CodeQuality.Analyzers": {
        "type": "Transitive",
        "resolved": "3.3.0",
        "contentHash": "zZ3miq6u22UFQKhfJyLnVEJ+DgeOopLh3eKJnKAcOetPP2hiv3wa7kHZlBDeTvtqJQiAQhAVbttket8XxjN1zw=="
      },
      "Microsoft.NetCore.Analyzers": {
        "type": "Transitive",
        "resolved": "3.3.0",
        "contentHash": "6qptTHUu1Wfszuf83NhU0IoAb4j7YWOpJs6oc6S4G/nI6aGGWKH/Xi5Vs9L/8lrI74ijEEzPcIwafSQW5ASHtA=="
      },
      "Microsoft.NetFramework.Analyzers": {
        "type": "Transitive",
        "resolved": "3.3.0",
        "contentHash": "JTfMic5fEFWICePbr7GXOGPranqS9Qxu2U/BZEcnnGbK1SFW8TxRyGp6O1L52xsbfOdqmzjc0t5ubhDrjj+Xpg=="
      },
      "Microsoft.SourceLink.Common": {
        "type": "Transitive",
        "resolved": "1.0.0",
        "contentHash": "G8DuQY8/DK5NN+3jm5wcMcd9QYD90UV7MiLmdljSJixi3U/vNaeBKmmXUqI4DJCOeWizIUEh4ALhSt58mR+5eg=="
      }
    }
  }
}