{
  "version": 1,
  "dependencies": {
    ".NETStandard,Version=v2.1": {
      "AWSSDK.KeyManagementService": {
        "type": "Direct",
        "requested": "[3.5.0.32, )",
        "resolved": "3.5.0.32",
        "contentHash": "+MdVmnCFC4DSLcaX1BO2yqUj0SYqA0pQHBw3IBKWSv+lL22hvgbYr1t5ZKYgzsL62nG3quS5tyrcqNnSsJfcGg==",
        "dependencies": {
          "AWSSDK.Core": "[3.5.1.30, 3.6.0)"
        }
      },
      "Microsoft.CodeAnalysis.CSharp.CodeStyle": {
        "type": "Direct",
        "requested": "[3.8.0-5.final, )",
        "resolved": "3.8.0-5.final",
        "contentHash": "fc0GooFJCJUbAXuatlAhKJw3Uv3ZL9p3zVVn+Ew4U8q0jZY+aTa1fRtn1IrjeZx7rbzNrrQbJX8S90VZhOwJ/g=="
      },
      "Microsoft.CodeAnalysis.FxCopAnalyzers": {
        "type": "Direct",
        "requested": "[3.3.1, )",
        "resolved": "3.3.1",
        "contentHash": "O6L7wOD6dmytWZr4ulw6wLYk8QmsO/TlBHyWOB2OQKnUm31JGOXEncJjVm8Fw24BDzP22wfsleWFidiNU/DIsA==",
        "dependencies": {
          "Microsoft.CodeAnalysis.VersionCheckAnalyzer": "[3.3.1]",
          "Microsoft.CodeQuality.Analyzers": "[3.3.1]",
          "Microsoft.NetCore.Analyzers": "[3.3.1]",
          "Microsoft.NetFramework.Analyzers": "[3.3.1]"
        }
      },
      "Microsoft.SourceLink.GitHub": {
        "type": "Direct",
        "requested": "[1.0.0, )",
        "resolved": "1.0.0",
        "contentHash": "aZyGyGg2nFSxix+xMkPmlmZSsnGQ3w+mIG23LTxJZHN+GPwTQ5FpPgDo7RMOq+Kcf5D4hFWfXkGhoGstawX13Q==",
        "dependencies": {
          "Microsoft.Build.Tasks.Git": "1.0.0",
          "Microsoft.SourceLink.Common": "1.0.0"
        }
      },
      "Nerdbank.GitVersioning": {
        "type": "Direct",
        "requested": "[3.3.37, )",
        "resolved": "3.3.37",
        "contentHash": "YlDKV/gSHQGDThWSGqVyPfKeNP/kx1fj/NPFFgGc/cxzgIbXv4jtYOcbFOz3ZIeAKtpCcSAmVNDOikBs3OxI/A=="
      },
      "StyleCop.Analyzers": {
        "type": "Direct",
        "requested": "[1.2.0-beta.205, )",
        "resolved": "1.2.0-beta.205",
        "contentHash": "ORvUXKlJRqAWstZiSH9LgEuM5hBye8mUDDSpMoQhiKLFUtFEGesfr88Qa8jC0KKVaBTUZzdo4fNZM4oHeV/JsQ==",
        "dependencies": {
          "StyleCop.Analyzers.Unstable": "1.2.0.205"
        }
      },
      "AWSSDK.Core": {
        "type": "Transitive",
        "resolved": "3.5.1.30",
        "contentHash": "kNqzY/py4pDlW9aPn2SpnG7y7Mr4Z0jg/BdkHiRr9WLt7k/lwGMmJ5hd3x/ZHDkv8kIdjllkVrrhYkXvj6AkCA==",
        "dependencies": {
          "Microsoft.Bcl.AsyncInterfaces": "1.1.0"
        }
      },
      "Microsoft.Bcl.AsyncInterfaces": {
        "type": "Transitive",
        "resolved": "1.1.0",
        "contentHash": "1Am6l4Vpn3/K32daEqZI+FFr96OlZkgwK2LcT3pZ2zWubR5zTPW3/FkO1Rat9kb7oQOa4rxgl9LJHc5tspCWfg==",
        "dependencies": {
          "System.Threading.Tasks.Extensions": "4.5.2"
        }
      },
      "Microsoft.Build.Tasks.Git": {
        "type": "Transitive",
        "resolved": "1.0.0",
        "contentHash": "z2fpmmt+1Jfl+ZnBki9nSP08S1/tbEOxFdsK1rSR+LBehIJz1Xv9/6qOOoGNqlwnAGGVGis1Oj6S8Kt9COEYlQ=="
      },
      "Microsoft.CodeAnalysis.VersionCheckAnalyzer": {
        "type": "Transitive",
        "resolved": "3.3.1",
        "contentHash": "ZUMf70abtWvwevkLFOlEHDck81oZCsi9jBHODDSSH2YPQdtCKzeQfaWWnAmn2ii7N3Q2V2arOj4Mu8ZTTSs3PA=="
      },
      "Microsoft.CodeQuality.Analyzers": {
        "type": "Transitive",
        "resolved": "3.3.1",
        "contentHash": "h6o+zBUf47OFarRQn6LjwUNFvRUyUWLWcnunw6vLCxSDBmgPDQCsrsWpEtMz/+NKBvOeikVJobscarx3Wgtbiw=="
      },
      "Microsoft.NetCore.Analyzers": {
        "type": "Transitive",
        "resolved": "3.3.1",
        "contentHash": "8Ez3EImhFioAsB4bR2bBLA3Pkcz8K/VI6jPdnm98nLu+rodZU8s8QRjRnkrQEnC6VcVAVZJ8W7DL9yrfDsgjqQ=="
      },
      "Microsoft.NetFramework.Analyzers": {
        "type": "Transitive",
        "resolved": "3.3.1",
        "contentHash": "EI5Afqt03Kq4Wy5Ot6nGvnwunisM9ORi5L9fteCCOK1Wh283wAhM1dIOWOsBN3jlFbw1VTeVPR8oPz9J9xlHLw=="
      },
      "Microsoft.SourceLink.Common": {
        "type": "Transitive",
        "resolved": "1.0.0",
        "contentHash": "G8DuQY8/DK5NN+3jm5wcMcd9QYD90UV7MiLmdljSJixi3U/vNaeBKmmXUqI4DJCOeWizIUEh4ALhSt58mR+5eg=="
      },
      "StyleCop.Analyzers.Unstable": {
        "type": "Transitive",
        "resolved": "1.2.0.205",
        "contentHash": "YiRjba3yBp2mCvtsOeQf8XU1tPaOZFTKxcsj44tTpGrhRchmtuKtgyMCV9kkOFdfKISnHk0gzhigITlrrrvMuA=="
      },
      "System.Runtime.CompilerServices.Unsafe": {
        "type": "Transitive",
        "resolved": "4.5.2",
        "contentHash": "wprSFgext8cwqymChhrBLu62LMg/1u92bU+VOwyfBimSPVFXtsNqEWC92Pf9ofzJFlk4IHmJA75EDJn1b2goAQ=="
      },
      "System.Threading.Tasks.Extensions": {
        "type": "Transitive",
        "resolved": "4.5.2",
        "contentHash": "BG/TNxDFv0svAzx8OiMXDlsHfGw623BZ8tCXw4YLhDFDvDhNUEV58jKYMGRnkbJNm7c3JNNJDiN7JBMzxRBR2w==",
        "dependencies": {
          "System.Runtime.CompilerServices.Unsafe": "4.5.2"
        }
      }
    }
  }
}