{
  "version": 1,
  "dependencies": {
    ".NETCoreApp,Version=v5.0": {
      "Cythral.CloudFormation.BuildTasks": {
        "type": "Direct",
        "requested": "[0.5.0, )",
        "resolved": "0.5.0",
        "contentHash": "NQtZGf8tpfDsaOKUZFIX56vLtt5dl5FUkkGIZQpDF1esF95K52cfHtZzN025F0nlGyMInT76F/ctIoIYUovU7Q=="
      },
      "Microsoft.CodeAnalysis.CSharp.CodeStyle": {
        "type": "Direct",
        "requested": "[3.9.0, )",
        "resolved": "3.9.0",
        "contentHash": "g6W0Qsdt28XGWRvxlb91//Jk0+9XsndLh+A8c0wpFUOXxJ+tTy0PPX9NcjJN1H/n3nFlv5nCK6j7bykElbNcJg=="
      },
      "Microsoft.SourceLink.GitHub": {
        "type": "Direct",
        "requested": "[1.0.0, )",
        "resolved": "1.0.0",
        "contentHash": "aZyGyGg2nFSxix+xMkPmlmZSsnGQ3w+mIG23LTxJZHN+GPwTQ5FpPgDo7RMOq+Kcf5D4hFWfXkGhoGstawX13Q==",
        "dependencies": {
          "Microsoft.Build.Tasks.Git": "1.0.0",
          "Microsoft.SourceLink.Common": "1.0.0"
        }
      },
      "Nerdbank.GitVersioning": {
        "type": "Direct",
        "requested": "[3.3.37, )",
        "resolved": "3.3.37",
        "contentHash": "YlDKV/gSHQGDThWSGqVyPfKeNP/kx1fj/NPFFgGc/cxzgIbXv4jtYOcbFOz3ZIeAKtpCcSAmVNDOikBs3OxI/A=="
      },
      "StyleCop.Analyzers": {
        "type": "Direct",
        "requested": "[1.2.0-beta.321, )",
        "resolved": "1.2.0-beta.321",
        "contentHash": "immyDIuCjDT2sxv+mAhQ2IH4HyiHJkAvKqK7l1ksJDWAOdeAvkco7EZ14IGWbiWNOEBRm1p7P9UAbfgT9aJSEA==",
        "dependencies": {
          "StyleCop.Analyzers.Unstable": "1.2.0.321"
        }
      },
      "Microsoft.Build.Tasks.Git": {
        "type": "Transitive",
        "resolved": "1.0.0",
        "contentHash": "z2fpmmt+1Jfl+ZnBki9nSP08S1/tbEOxFdsK1rSR+LBehIJz1Xv9/6qOOoGNqlwnAGGVGis1Oj6S8Kt9COEYlQ=="
      },
      "Microsoft.SourceLink.Common": {
        "type": "Transitive",
        "resolved": "1.0.0",
        "contentHash": "G8DuQY8/DK5NN+3jm5wcMcd9QYD90UV7MiLmdljSJixi3U/vNaeBKmmXUqI4DJCOeWizIUEh4ALhSt58mR+5eg=="
      },
      "StyleCop.Analyzers.Unstable": {
        "type": "Transitive",
        "resolved": "1.2.0.321",
        "contentHash": "CLL1cwvzGyXsCDzHQuAV3STrkIfTXqlS/vnxJTlSiRmmFjnTnoNVIZWwv738/hWxoh8MjPyHlp7eLossZIB5kg=="
      },
      "Lambdajection.Attributes": {
        "type": "Project",
        "dependencies": {
          "Lambdajection.Framework": "1.0.0"
        }
      },
      "Lambdajection.Framework": {
        "type": "Project"
      }
    }
  }
}