
Microsoft Visual Studio Solution File, Format Version 12.00
# Visual Studio 15
VisualStudioVersion = 15.0.26124.0
MinimumVisualStudioVersion = 15.0.26124.0
Project("{FAE04EC0-301F-11D3-BF4B-00C04F79EFBC}") = "EncryptedOptions", "EncryptedOptions\EncryptedOptions.csproj", "{C6188E76-3402-4EC5-9D6F-B77BD7667107}"
EndProject
Project("{FAE04EC0-301F-11D3-BF4B-00C04F79EFBC}") = "AwsClientFactories", "AwsClientFactories\AwsClientFactories.csproj", "{F4529D88-F0E5-424C-B469-1ED508966CF9}"
EndProject
Project("{FAE04EC0-301F-11D3-BF4B-00C04F79EFBC}") = "CustomConfiguration", "CustomConfiguration\CustomConfiguration.csproj", "{02804CA8-1838-47C9-9882-9227FD8B923B}"
EndProject
Project("{FAE04EC0-301F-11D3-BF4B-00C04F79EFBC}") = "CustomRuntime", "CustomRuntime\CustomRuntime.csproj", "{6B243FE4-FFD1-4EF3-BFE3-2B1006B5CCCD}"
EndProject
Project("{FAE04EC0-301F-11D3-BF4B-00C04F79EFBC}") = "CustomResource", "CustomResource\CustomResource.csproj", "{639363BC-338E-477F-853B-C2144C726DB2}"
EndProject
Global
	GlobalSection(SolutionConfigurationPlatforms) = preSolution
		Debug|Any CPU = Debug|Any CPU
		Debug|x64 = Debug|x64
		Debug|x86 = Debug|x86
		Release|Any CPU = Release|Any CPU
		Release|x64 = Release|x64
		Release|x86 = Release|x86
	EndGlobalSection
	GlobalSection(SolutionProperties) = preSolution
		HideSolutionNode = FALSE
	EndGlobalSection
	GlobalSection(ProjectConfigurationPlatforms) = postSolution
		{C6188E76-3402-4EC5-9D6F-B77BD7667107}.Debug|Any CPU.ActiveCfg = Debug|Any CPU
		{C6188E76-3402-4EC5-9D6F-B77BD7667107}.Debug|Any CPU.Build.0 = Debug|Any CPU
		{C6188E76-3402-4EC5-9D6F-B77BD7667107}.Debug|x64.ActiveCfg = Debug|Any CPU
		{C6188E76-3402-4EC5-9D6F-B77BD7667107}.Debug|x64.Build.0 = Debug|Any CPU
		{C6188E76-3402-4EC5-9D6F-B77BD7667107}.Debug|x86.ActiveCfg = Debug|Any CPU
		{C6188E76-3402-4EC5-9D6F-B77BD7667107}.Debug|x86.Build.0 = Debug|Any CPU
		{C6188E76-3402-4EC5-9D6F-B77BD7667107}.Release|Any CPU.ActiveCfg = Release|Any CPU
		{C6188E76-3402-4EC5-9D6F-B77BD7667107}.Release|Any CPU.Build.0 = Release|Any CPU
		{C6188E76-3402-4EC5-9D6F-B77BD7667107}.Release|x64.ActiveCfg = Release|Any CPU
		{C6188E76-3402-4EC5-9D6F-B77BD7667107}.Release|x64.Build.0 = Release|Any CPU
		{C6188E76-3402-4EC5-9D6F-B77BD7667107}.Release|x86.ActiveCfg = Release|Any CPU
		{C6188E76-3402-4EC5-9D6F-B77BD7667107}.Release|x86.Build.0 = Release|Any CPU
		{F4529D88-F0E5-424C-B469-1ED508966CF9}.Debug|Any CPU.ActiveCfg = Debug|Any CPU
		{F4529D88-F0E5-424C-B469-1ED508966CF9}.Debug|Any CPU.Build.0 = Debug|Any CPU
		{F4529D88-F0E5-424C-B469-1ED508966CF9}.Debug|x64.ActiveCfg = Debug|Any CPU
		{F4529D88-F0E5-424C-B469-1ED508966CF9}.Debug|x64.Build.0 = Debug|Any CPU
		{F4529D88-F0E5-424C-B469-1ED508966CF9}.Debug|x86.ActiveCfg = Debug|Any CPU
		{F4529D88-F0E5-424C-B469-1ED508966CF9}.Debug|x86.Build.0 = Debug|Any CPU
		{F4529D88-F0E5-424C-B469-1ED508966CF9}.Release|Any CPU.ActiveCfg = Release|Any CPU
		{F4529D88-F0E5-424C-B469-1ED508966CF9}.Release|Any CPU.Build.0 = Release|Any CPU
		{F4529D88-F0E5-424C-B469-1ED508966CF9}.Release|x64.ActiveCfg = Release|Any CPU
		{F4529D88-F0E5-424C-B469-1ED508966CF9}.Release|x64.Build.0 = Release|Any CPU
		{F4529D88-F0E5-424C-B469-1ED508966CF9}.Release|x86.ActiveCfg = Release|Any CPU
		{F4529D88-F0E5-424C-B469-1ED508966CF9}.Release|x86.Build.0 = Release|Any CPU
		{02804CA8-1838-47C9-9882-9227FD8B923B}.Debug|Any CPU.ActiveCfg = Debug|Any CPU
		{02804CA8-1838-47C9-9882-9227FD8B923B}.Debug|Any CPU.Build.0 = Debug|Any CPU
		{02804CA8-1838-47C9-9882-9227FD8B923B}.Debug|x64.ActiveCfg = Debug|Any CPU
		{02804CA8-1838-47C9-9882-9227FD8B923B}.Debug|x64.Build.0 = Debug|Any CPU
		{02804CA8-1838-47C9-9882-9227FD8B923B}.Debug|x86.ActiveCfg = Debug|Any CPU
		{02804CA8-1838-47C9-9882-9227FD8B923B}.Debug|x86.Build.0 = Debug|Any CPU
		{02804CA8-1838-47C9-9882-9227FD8B923B}.Release|Any CPU.ActiveCfg = Release|Any CPU
		{02804CA8-1838-47C9-9882-9227FD8B923B}.Release|Any CPU.Build.0 = Release|Any CPU
		{02804CA8-1838-47C9-9882-9227FD8B923B}.Release|x64.ActiveCfg = Release|Any CPU
		{02804CA8-1838-47C9-9882-9227FD8B923B}.Release|x64.Build.0 = Release|Any CPU
		{02804CA8-1838-47C9-9882-9227FD8B923B}.Release|x86.ActiveCfg = Release|Any CPU
		{02804CA8-1838-47C9-9882-9227FD8B923B}.Release|x86.Build.0 = Release|Any CPU
		{6B243FE4-FFD1-4EF3-BFE3-2B1006B5CCCD}.Debug|Any CPU.ActiveCfg = Debug|Any CPU
		{6B243FE4-FFD1-4EF3-BFE3-2B1006B5CCCD}.Debug|Any CPU.Build.0 = Debug|Any CPU
		{6B243FE4-FFD1-4EF3-BFE3-2B1006B5CCCD}.Debug|x64.ActiveCfg = Debug|Any CPU
		{6B243FE4-FFD1-4EF3-BFE3-2B1006B5CCCD}.Debug|x64.Build.0 = Debug|Any CPU
		{6B243FE4-FFD1-4EF3-BFE3-2B1006B5CCCD}.Debug|x86.ActiveCfg = Debug|Any CPU
		{6B243FE4-FFD1-4EF3-BFE3-2B1006B5CCCD}.Debug|x86.Build.0 = Debug|Any CPU
		{6B243FE4-FFD1-4EF3-BFE3-2B1006B5CCCD}.Release|Any CPU.ActiveCfg = Release|Any CPU
		{6B243FE4-FFD1-4EF3-BFE3-2B1006B5CCCD}.Release|Any CPU.Build.0 = Release|Any CPU
		{6B243FE4-FFD1-4EF3-BFE3-2B1006B5CCCD}.Release|x64.ActiveCfg = Release|Any CPU
		{6B243FE4-FFD1-4EF3-BFE3-2B1006B5CCCD}.Release|x64.Build.0 = Release|Any CPU
		{6B243FE4-FFD1-4EF3-BFE3-2B1006B5CCCD}.Release|x86.ActiveCfg = Release|Any CPU
		{6B243FE4-FFD1-4EF3-BFE3-2B1006B5CCCD}.Release|x86.Build.0 = Release|Any CPU
		{639363BC-338E-477F-853B-C2144C726DB2}.Debug|Any CPU.ActiveCfg = Debug|Any CPU
		{639363BC-338E-477F-853B-C2144C726DB2}.Debug|Any CPU.Build.0 = Debug|Any CPU
		{639363BC-338E-477F-853B-C2144C726DB2}.Debug|x64.ActiveCfg = Debug|Any CPU
		{639363BC-338E-477F-853B-C2144C726DB2}.Debug|x64.Build.0 = Debug|Any CPU
		{639363BC-338E-477F-853B-C2144C726DB2}.Debug|x86.ActiveCfg = Debug|Any CPU
		{639363BC-338E-477F-853B-C2144C726DB2}.Debug|x86.Build.0 = Debug|Any CPU
		{639363BC-338E-477F-853B-C2144C726DB2}.Release|Any CPU.ActiveCfg = Release|Any CPU
		{639363BC-338E-477F-853B-C2144C726DB2}.Release|Any CPU.Build.0 = Release|Any CPU
		{639363BC-338E-477F-853B-C2144C726DB2}.Release|x64.ActiveCfg = Release|Any CPU
		{639363BC-338E-477F-853B-C2144C726DB2}.Release|x64.Build.0 = Release|Any CPU
		{639363BC-338E-477F-853B-C2144C726DB2}.Release|x86.ActiveCfg = Release|Any CPU
		{639363BC-338E-477F-853B-C2144C726DB2}.Release|x86.Build.0 = Release|Any CPU
	EndGlobalSection
EndGlobal
