
Microsoft Visual Studio Solution File, Format Version 12.00
# Visual Studio 15
VisualStudioVersion = 15.0.26124.0
MinimumVisualStudioVersion = 15.0.26124.0
Project("{FAE04EC0-301F-11D3-BF4B-00C04F79EFBC}") = "AmazonFactories", "AmazonFactories\AmazonFactories.csproj", "{DF510E70-7B0F-488F-ABB0-9C225E8DF495}"
EndProject
Project("{FAE04EC0-301F-11D3-BF4B-00C04F79EFBC}") = "ConfigFactory", "ConfigFactory\ConfigFactory.csproj", "{3723021E-2100-4473-9FAE-430452E6C3FE}"
EndProject
Project("{FAE04EC0-301F-11D3-BF4B-00C04F79EFBC}") = "Configuration", "Configuration\Configuration.csproj", "{85CFF6B9-6827-4BE5-A0AD-463DACD13CEF}"
EndProject
Project("{FAE04EC0-301F-11D3-BF4B-00C04F79EFBC}") = "Disposables", "Disposables\Disposables.csproj", "{BB3BAC49-1C9B-497E-A934-7390ADBB9F9A}"
EndProject
Project("{FAE04EC0-301F-11D3-BF4B-00C04F79EFBC}") = "NoHandleMethod", "NoHandleMethod\NoHandleMethod.csproj", "{B91ABA3F-12B2-4451-AAF0-63ABE1A13696}"
EndProject
Project("{FAE04EC0-301F-11D3-BF4B-00C04F79EFBC}") = "LambdaContext", "LambdaContext\LambdaContext.csproj", "{158E8279-AA96-4505-99AA-315DB2E67892}"
EndProject
Project("{FAE04EC0-301F-11D3-BF4B-00C04F79EFBC}") = "CustomRunnerMethod", "CustomRunnerMethod\CustomRunnerMethod.csproj", "{69DA8F57-3808-47D1-9529-D545EC34F0C9}"
EndProject
Project("{FAE04EC0-301F-11D3-BF4B-00C04F79EFBC}") = "MissingLambdaInterface", "MissingLambdaInterface\MissingLambdaInterface.csproj", "{E6A414E5-E945-4690-9A93-31135BF5A216}"
EndProject
Project("{FAE04EC0-301F-11D3-BF4B-00C04F79EFBC}") = "CustomResources", "CustomResources\CustomResources.csproj", "{722CA08A-57EC-49FA-B36E-7E78EBBBC6BC}"
EndProject
Project("{FAE04EC0-301F-11D3-BF4B-00C04F79EFBC}") = "IamPermissions", "IamPermissions\IamPermissions.csproj", "{931A04BB-E210-42C0-A8C0-829BB2B8103A}"
EndProject
Project("{FAE04EC0-301F-11D3-BF4B-00C04F79EFBC}") = "Permissionless", "Permissionless\Permissionless.csproj", "{6B319CA9-14D7-4357-936B-12AFCE401706}"
EndProject
Project("{FAE04EC0-301F-11D3-BF4B-00C04F79EFBC}") = "Serialization", "Serialization\Serialization.csproj", "{1E161549-8486-496C-9C6E-60532EAF4194}"
EndProject
Project("{FAE04EC0-301F-11D3-BF4B-00C04F79EFBC}") = "Tracing", "Tracing\Tracing.csproj", "{AF35145C-7D80-4F76-9A6E-747F01116BB8}"
EndProject
Project("{FAE04EC0-301F-11D3-BF4B-00C04F79EFBC}") = "Sns", "Sns\Sns.csproj", "{B11F93EF-3971-442D-B343-A7535D244B98}"
EndProject
Global
	GlobalSection(SolutionConfigurationPlatforms) = preSolution
		Debug|Any CPU = Debug|Any CPU
		Debug|x64 = Debug|x64
		Debug|x86 = Debug|x86
		Release|Any CPU = Release|Any CPU
		Release|x64 = Release|x64
		Release|x86 = Release|x86
	EndGlobalSection
	GlobalSection(SolutionProperties) = preSolution
		HideSolutionNode = FALSE
	EndGlobalSection
	GlobalSection(ProjectConfigurationPlatforms) = postSolution
		{DF510E70-7B0F-488F-ABB0-9C225E8DF495}.Debug|Any CPU.ActiveCfg = Debug|Any CPU
		{DF510E70-7B0F-488F-ABB0-9C225E8DF495}.Debug|Any CPU.Build.0 = Debug|Any CPU
		{DF510E70-7B0F-488F-ABB0-9C225E8DF495}.Debug|x64.ActiveCfg = Debug|Any CPU
		{DF510E70-7B0F-488F-ABB0-9C225E8DF495}.Debug|x64.Build.0 = Debug|Any CPU
		{DF510E70-7B0F-488F-ABB0-9C225E8DF495}.Debug|x86.ActiveCfg = Debug|Any CPU
		{DF510E70-7B0F-488F-ABB0-9C225E8DF495}.Debug|x86.Build.0 = Debug|Any CPU
		{DF510E70-7B0F-488F-ABB0-9C225E8DF495}.Release|Any CPU.ActiveCfg = Release|Any CPU
		{DF510E70-7B0F-488F-ABB0-9C225E8DF495}.Release|Any CPU.Build.0 = Release|Any CPU
		{DF510E70-7B0F-488F-ABB0-9C225E8DF495}.Release|x64.ActiveCfg = Release|Any CPU
		{DF510E70-7B0F-488F-ABB0-9C225E8DF495}.Release|x64.Build.0 = Release|Any CPU
		{DF510E70-7B0F-488F-ABB0-9C225E8DF495}.Release|x86.ActiveCfg = Release|Any CPU
		{DF510E70-7B0F-488F-ABB0-9C225E8DF495}.Release|x86.Build.0 = Release|Any CPU
		{3723021E-2100-4473-9FAE-430452E6C3FE}.Debug|Any CPU.ActiveCfg = Debug|Any CPU
		{3723021E-2100-4473-9FAE-430452E6C3FE}.Debug|Any CPU.Build.0 = Debug|Any CPU
		{3723021E-2100-4473-9FAE-430452E6C3FE}.Debug|x64.ActiveCfg = Debug|Any CPU
		{3723021E-2100-4473-9FAE-430452E6C3FE}.Debug|x64.Build.0 = Debug|Any CPU
		{3723021E-2100-4473-9FAE-430452E6C3FE}.Debug|x86.ActiveCfg = Debug|Any CPU
		{3723021E-2100-4473-9FAE-430452E6C3FE}.Debug|x86.Build.0 = Debug|Any CPU
		{3723021E-2100-4473-9FAE-430452E6C3FE}.Release|Any CPU.ActiveCfg = Release|Any CPU
		{3723021E-2100-4473-9FAE-430452E6C3FE}.Release|Any CPU.Build.0 = Release|Any CPU
		{3723021E-2100-4473-9FAE-430452E6C3FE}.Release|x64.ActiveCfg = Release|Any CPU
		{3723021E-2100-4473-9FAE-430452E6C3FE}.Release|x64.Build.0 = Release|Any CPU
		{3723021E-2100-4473-9FAE-430452E6C3FE}.Release|x86.ActiveCfg = Release|Any CPU
		{3723021E-2100-4473-9FAE-430452E6C3FE}.Release|x86.Build.0 = Release|Any CPU
		{85CFF6B9-6827-4BE5-A0AD-463DACD13CEF}.Debug|Any CPU.ActiveCfg = Debug|Any CPU
		{85CFF6B9-6827-4BE5-A0AD-463DACD13CEF}.Debug|Any CPU.Build.0 = Debug|Any CPU
		{85CFF6B9-6827-4BE5-A0AD-463DACD13CEF}.Debug|x64.ActiveCfg = Debug|Any CPU
		{85CFF6B9-6827-4BE5-A0AD-463DACD13CEF}.Debug|x64.Build.0 = Debug|Any CPU
		{85CFF6B9-6827-4BE5-A0AD-463DACD13CEF}.Debug|x86.ActiveCfg = Debug|Any CPU
		{85CFF6B9-6827-4BE5-A0AD-463DACD13CEF}.Debug|x86.Build.0 = Debug|Any CPU
		{85CFF6B9-6827-4BE5-A0AD-463DACD13CEF}.Release|Any CPU.ActiveCfg = Release|Any CPU
		{85CFF6B9-6827-4BE5-A0AD-463DACD13CEF}.Release|Any CPU.Build.0 = Release|Any CPU
		{85CFF6B9-6827-4BE5-A0AD-463DACD13CEF}.Release|x64.ActiveCfg = Release|Any CPU
		{85CFF6B9-6827-4BE5-A0AD-463DACD13CEF}.Release|x64.Build.0 = Release|Any CPU
		{85CFF6B9-6827-4BE5-A0AD-463DACD13CEF}.Release|x86.ActiveCfg = Release|Any CPU
		{85CFF6B9-6827-4BE5-A0AD-463DACD13CEF}.Release|x86.Build.0 = Release|Any CPU
		{BB3BAC49-1C9B-497E-A934-7390ADBB9F9A}.Debug|Any CPU.ActiveCfg = Debug|Any CPU
		{BB3BAC49-1C9B-497E-A934-7390ADBB9F9A}.Debug|Any CPU.Build.0 = Debug|Any CPU
		{BB3BAC49-1C9B-497E-A934-7390ADBB9F9A}.Debug|x64.ActiveCfg = Debug|Any CPU
		{BB3BAC49-1C9B-497E-A934-7390ADBB9F9A}.Debug|x64.Build.0 = Debug|Any CPU
		{BB3BAC49-1C9B-497E-A934-7390ADBB9F9A}.Debug|x86.ActiveCfg = Debug|Any CPU
		{BB3BAC49-1C9B-497E-A934-7390ADBB9F9A}.Debug|x86.Build.0 = Debug|Any CPU
		{BB3BAC49-1C9B-497E-A934-7390ADBB9F9A}.Release|Any CPU.ActiveCfg = Release|Any CPU
		{BB3BAC49-1C9B-497E-A934-7390ADBB9F9A}.Release|Any CPU.Build.0 = Release|Any CPU
		{BB3BAC49-1C9B-497E-A934-7390ADBB9F9A}.Release|x64.ActiveCfg = Release|Any CPU
		{BB3BAC49-1C9B-497E-A934-7390ADBB9F9A}.Release|x64.Build.0 = Release|Any CPU
		{BB3BAC49-1C9B-497E-A934-7390ADBB9F9A}.Release|x86.ActiveCfg = Release|Any CPU
		{BB3BAC49-1C9B-497E-A934-7390ADBB9F9A}.Release|x86.Build.0 = Release|Any CPU
		{B91ABA3F-12B2-4451-AAF0-63ABE1A13696}.Debug|Any CPU.ActiveCfg = Debug|Any CPU
		{B91ABA3F-12B2-4451-AAF0-63ABE1A13696}.Debug|Any CPU.Build.0 = Debug|Any CPU
		{B91ABA3F-12B2-4451-AAF0-63ABE1A13696}.Debug|x64.ActiveCfg = Debug|Any CPU
		{B91ABA3F-12B2-4451-AAF0-63ABE1A13696}.Debug|x64.Build.0 = Debug|Any CPU
		{B91ABA3F-12B2-4451-AAF0-63ABE1A13696}.Debug|x86.ActiveCfg = Debug|Any CPU
		{B91ABA3F-12B2-4451-AAF0-63ABE1A13696}.Debug|x86.Build.0 = Debug|Any CPU
		{B91ABA3F-12B2-4451-AAF0-63ABE1A13696}.Release|Any CPU.ActiveCfg = Release|Any CPU
		{B91ABA3F-12B2-4451-AAF0-63ABE1A13696}.Release|Any CPU.Build.0 = Release|Any CPU
		{B91ABA3F-12B2-4451-AAF0-63ABE1A13696}.Release|x64.ActiveCfg = Release|Any CPU
		{B91ABA3F-12B2-4451-AAF0-63ABE1A13696}.Release|x64.Build.0 = Release|Any CPU
		{B91ABA3F-12B2-4451-AAF0-63ABE1A13696}.Release|x86.ActiveCfg = Release|Any CPU
		{B91ABA3F-12B2-4451-AAF0-63ABE1A13696}.Release|x86.Build.0 = Release|Any CPU
		{158E8279-AA96-4505-99AA-315DB2E67892}.Debug|Any CPU.ActiveCfg = Debug|Any CPU
		{158E8279-AA96-4505-99AA-315DB2E67892}.Debug|Any CPU.Build.0 = Debug|Any CPU
		{158E8279-AA96-4505-99AA-315DB2E67892}.Debug|x64.ActiveCfg = Debug|Any CPU
		{158E8279-AA96-4505-99AA-315DB2E67892}.Debug|x64.Build.0 = Debug|Any CPU
		{158E8279-AA96-4505-99AA-315DB2E67892}.Debug|x86.ActiveCfg = Debug|Any CPU
		{158E8279-AA96-4505-99AA-315DB2E67892}.Debug|x86.Build.0 = Debug|Any CPU
		{158E8279-AA96-4505-99AA-315DB2E67892}.Release|Any CPU.ActiveCfg = Release|Any CPU
		{158E8279-AA96-4505-99AA-315DB2E67892}.Release|Any CPU.Build.0 = Release|Any CPU
		{158E8279-AA96-4505-99AA-315DB2E67892}.Release|x64.ActiveCfg = Release|Any CPU
		{158E8279-AA96-4505-99AA-315DB2E67892}.Release|x64.Build.0 = Release|Any CPU
		{158E8279-AA96-4505-99AA-315DB2E67892}.Release|x86.ActiveCfg = Release|Any CPU
		{158E8279-AA96-4505-99AA-315DB2E67892}.Release|x86.Build.0 = Release|Any CPU
		{69DA8F57-3808-47D1-9529-D545EC34F0C9}.Debug|Any CPU.ActiveCfg = Debug|Any CPU
		{69DA8F57-3808-47D1-9529-D545EC34F0C9}.Debug|Any CPU.Build.0 = Debug|Any CPU
		{69DA8F57-3808-47D1-9529-D545EC34F0C9}.Debug|x64.ActiveCfg = Debug|Any CPU
		{69DA8F57-3808-47D1-9529-D545EC34F0C9}.Debug|x64.Build.0 = Debug|Any CPU
		{69DA8F57-3808-47D1-9529-D545EC34F0C9}.Debug|x86.ActiveCfg = Debug|Any CPU
		{69DA8F57-3808-47D1-9529-D545EC34F0C9}.Debug|x86.Build.0 = Debug|Any CPU
		{69DA8F57-3808-47D1-9529-D545EC34F0C9}.Release|Any CPU.ActiveCfg = Release|Any CPU
		{69DA8F57-3808-47D1-9529-D545EC34F0C9}.Release|Any CPU.Build.0 = Release|Any CPU
		{69DA8F57-3808-47D1-9529-D545EC34F0C9}.Release|x64.ActiveCfg = Release|Any CPU
		{69DA8F57-3808-47D1-9529-D545EC34F0C9}.Release|x64.Build.0 = Release|Any CPU
		{69DA8F57-3808-47D1-9529-D545EC34F0C9}.Release|x86.ActiveCfg = Release|Any CPU
		{69DA8F57-3808-47D1-9529-D545EC34F0C9}.Release|x86.Build.0 = Release|Any CPU
		{E6A414E5-E945-4690-9A93-31135BF5A216}.Debug|Any CPU.ActiveCfg = Debug|Any CPU
		{E6A414E5-E945-4690-9A93-31135BF5A216}.Debug|Any CPU.Build.0 = Debug|Any CPU
		{E6A414E5-E945-4690-9A93-31135BF5A216}.Debug|x64.ActiveCfg = Debug|Any CPU
		{E6A414E5-E945-4690-9A93-31135BF5A216}.Debug|x64.Build.0 = Debug|Any CPU
		{E6A414E5-E945-4690-9A93-31135BF5A216}.Debug|x86.ActiveCfg = Debug|Any CPU
		{E6A414E5-E945-4690-9A93-31135BF5A216}.Debug|x86.Build.0 = Debug|Any CPU
		{E6A414E5-E945-4690-9A93-31135BF5A216}.Release|Any CPU.ActiveCfg = Release|Any CPU
		{E6A414E5-E945-4690-9A93-31135BF5A216}.Release|Any CPU.Build.0 = Release|Any CPU
		{E6A414E5-E945-4690-9A93-31135BF5A216}.Release|x64.ActiveCfg = Release|Any CPU
		{E6A414E5-E945-4690-9A93-31135BF5A216}.Release|x64.Build.0 = Release|Any CPU
		{E6A414E5-E945-4690-9A93-31135BF5A216}.Release|x86.ActiveCfg = Release|Any CPU
		{E6A414E5-E945-4690-9A93-31135BF5A216}.Release|x86.Build.0 = Release|Any CPU
		{722CA08A-57EC-49FA-B36E-7E78EBBBC6BC}.Debug|Any CPU.ActiveCfg = Debug|Any CPU
		{722CA08A-57EC-49FA-B36E-7E78EBBBC6BC}.Debug|Any CPU.Build.0 = Debug|Any CPU
		{722CA08A-57EC-49FA-B36E-7E78EBBBC6BC}.Debug|x64.ActiveCfg = Debug|Any CPU
		{722CA08A-57EC-49FA-B36E-7E78EBBBC6BC}.Debug|x64.Build.0 = Debug|Any CPU
		{722CA08A-57EC-49FA-B36E-7E78EBBBC6BC}.Debug|x86.ActiveCfg = Debug|Any CPU
		{722CA08A-57EC-49FA-B36E-7E78EBBBC6BC}.Debug|x86.Build.0 = Debug|Any CPU
		{722CA08A-57EC-49FA-B36E-7E78EBBBC6BC}.Release|Any CPU.ActiveCfg = Release|Any CPU
		{722CA08A-57EC-49FA-B36E-7E78EBBBC6BC}.Release|Any CPU.Build.0 = Release|Any CPU
		{722CA08A-57EC-49FA-B36E-7E78EBBBC6BC}.Release|x64.ActiveCfg = Release|Any CPU
		{722CA08A-57EC-49FA-B36E-7E78EBBBC6BC}.Release|x64.Build.0 = Release|Any CPU
		{722CA08A-57EC-49FA-B36E-7E78EBBBC6BC}.Release|x86.ActiveCfg = Release|Any CPU
		{722CA08A-57EC-49FA-B36E-7E78EBBBC6BC}.Release|x86.Build.0 = Release|Any CPU
		{931A04BB-E210-42C0-A8C0-829BB2B8103A}.Debug|Any CPU.ActiveCfg = Debug|Any CPU
		{931A04BB-E210-42C0-A8C0-829BB2B8103A}.Debug|Any CPU.Build.0 = Debug|Any CPU
		{931A04BB-E210-42C0-A8C0-829BB2B8103A}.Debug|x64.ActiveCfg = Debug|Any CPU
		{931A04BB-E210-42C0-A8C0-829BB2B8103A}.Debug|x64.Build.0 = Debug|Any CPU
		{931A04BB-E210-42C0-A8C0-829BB2B8103A}.Debug|x86.ActiveCfg = Debug|Any CPU
		{931A04BB-E210-42C0-A8C0-829BB2B8103A}.Debug|x86.Build.0 = Debug|Any CPU
		{931A04BB-E210-42C0-A8C0-829BB2B8103A}.Release|Any CPU.ActiveCfg = Release|Any CPU
		{931A04BB-E210-42C0-A8C0-829BB2B8103A}.Release|Any CPU.Build.0 = Release|Any CPU
		{931A04BB-E210-42C0-A8C0-829BB2B8103A}.Release|x64.ActiveCfg = Release|Any CPU
		{931A04BB-E210-42C0-A8C0-829BB2B8103A}.Release|x64.Build.0 = Release|Any CPU
		{931A04BB-E210-42C0-A8C0-829BB2B8103A}.Release|x86.ActiveCfg = Release|Any CPU
		{931A04BB-E210-42C0-A8C0-829BB2B8103A}.Release|x86.Build.0 = Release|Any CPU
		{6B319CA9-14D7-4357-936B-12AFCE401706}.Debug|Any CPU.ActiveCfg = Debug|Any CPU
		{6B319CA9-14D7-4357-936B-12AFCE401706}.Debug|Any CPU.Build.0 = Debug|Any CPU
		{6B319CA9-14D7-4357-936B-12AFCE401706}.Debug|x64.ActiveCfg = Debug|Any CPU
		{6B319CA9-14D7-4357-936B-12AFCE401706}.Debug|x64.Build.0 = Debug|Any CPU
		{6B319CA9-14D7-4357-936B-12AFCE401706}.Debug|x86.ActiveCfg = Debug|Any CPU
		{6B319CA9-14D7-4357-936B-12AFCE401706}.Debug|x86.Build.0 = Debug|Any CPU
		{6B319CA9-14D7-4357-936B-12AFCE401706}.Release|Any CPU.ActiveCfg = Release|Any CPU
		{6B319CA9-14D7-4357-936B-12AFCE401706}.Release|Any CPU.Build.0 = Release|Any CPU
		{6B319CA9-14D7-4357-936B-12AFCE401706}.Release|x64.ActiveCfg = Release|Any CPU
		{6B319CA9-14D7-4357-936B-12AFCE401706}.Release|x64.Build.0 = Release|Any CPU
		{6B319CA9-14D7-4357-936B-12AFCE401706}.Release|x86.ActiveCfg = Release|Any CPU
		{6B319CA9-14D7-4357-936B-12AFCE401706}.Release|x86.Build.0 = Release|Any CPU
		{1E161549-8486-496C-9C6E-60532EAF4194}.Debug|Any CPU.ActiveCfg = Debug|Any CPU
		{1E161549-8486-496C-9C6E-60532EAF4194}.Debug|Any CPU.Build.0 = Debug|Any CPU
		{1E161549-8486-496C-9C6E-60532EAF4194}.Debug|x64.ActiveCfg = Debug|Any CPU
		{1E161549-8486-496C-9C6E-60532EAF4194}.Debug|x64.Build.0 = Debug|Any CPU
		{1E161549-8486-496C-9C6E-60532EAF4194}.Debug|x86.ActiveCfg = Debug|Any CPU
		{1E161549-8486-496C-9C6E-60532EAF4194}.Debug|x86.Build.0 = Debug|Any CPU
		{1E161549-8486-496C-9C6E-60532EAF4194}.Release|Any CPU.ActiveCfg = Release|Any CPU
		{1E161549-8486-496C-9C6E-60532EAF4194}.Release|Any CPU.Build.0 = Release|Any CPU
		{1E161549-8486-496C-9C6E-60532EAF4194}.Release|x64.ActiveCfg = Release|Any CPU
		{1E161549-8486-496C-9C6E-60532EAF4194}.Release|x64.Build.0 = Release|Any CPU
		{1E161549-8486-496C-9C6E-60532EAF4194}.Release|x86.ActiveCfg = Release|Any CPU
		{1E161549-8486-496C-9C6E-60532EAF4194}.Release|x86.Build.0 = Release|Any CPU
		{AF35145C-7D80-4F76-9A6E-747F01116BB8}.Debug|Any CPU.ActiveCfg = Debug|Any CPU
		{AF35145C-7D80-4F76-9A6E-747F01116BB8}.Debug|Any CPU.Build.0 = Debug|Any CPU
		{AF35145C-7D80-4F76-9A6E-747F01116BB8}.Debug|x64.ActiveCfg = Debug|Any CPU
		{AF35145C-7D80-4F76-9A6E-747F01116BB8}.Debug|x64.Build.0 = Debug|Any CPU
		{AF35145C-7D80-4F76-9A6E-747F01116BB8}.Debug|x86.ActiveCfg = Debug|Any CPU
		{AF35145C-7D80-4F76-9A6E-747F01116BB8}.Debug|x86.Build.0 = Debug|Any CPU
		{AF35145C-7D80-4F76-9A6E-747F01116BB8}.Release|Any CPU.ActiveCfg = Release|Any CPU
		{AF35145C-7D80-4F76-9A6E-747F01116BB8}.Release|Any CPU.Build.0 = Release|Any CPU
		{AF35145C-7D80-4F76-9A6E-747F01116BB8}.Release|x64.ActiveCfg = Release|Any CPU
		{AF35145C-7D80-4F76-9A6E-747F01116BB8}.Release|x64.Build.0 = Release|Any CPU
		{AF35145C-7D80-4F76-9A6E-747F01116BB8}.Release|x86.ActiveCfg = Release|Any CPU
		{AF35145C-7D80-4F76-9A6E-747F01116BB8}.Release|x86.Build.0 = Release|Any CPU
		{B11F93EF-3971-442D-B343-A7535D244B98}.Debug|Any CPU.ActiveCfg = Debug|Any CPU
		{B11F93EF-3971-442D-B343-A7535D244B98}.Debug|Any CPU.Build.0 = Debug|Any CPU
		{B11F93EF-3971-442D-B343-A7535D244B98}.Debug|x64.ActiveCfg = Debug|Any CPU
		{B11F93EF-3971-442D-B343-A7535D244B98}.Debug|x64.Build.0 = Debug|Any CPU
		{B11F93EF-3971-442D-B343-A7535D244B98}.Debug|x86.ActiveCfg = Debug|Any CPU
		{B11F93EF-3971-442D-B343-A7535D244B98}.Debug|x86.Build.0 = Debug|Any CPU
		{B11F93EF-3971-442D-B343-A7535D244B98}.Release|Any CPU.ActiveCfg = Release|Any CPU
		{B11F93EF-3971-442D-B343-A7535D244B98}.Release|Any CPU.Build.0 = Release|Any CPU
		{B11F93EF-3971-442D-B343-A7535D244B98}.Release|x64.ActiveCfg = Release|Any CPU
		{B11F93EF-3971-442D-B343-A7535D244B98}.Release|x64.Build.0 = Release|Any CPU
		{B11F93EF-3971-442D-B343-A7535D244B98}.Release|x86.ActiveCfg = Release|Any CPU
		{B11F93EF-3971-442D-B343-A7535D244B98}.Release|x86.Build.0 = Release|Any CPU
	EndGlobalSection
EndGlobal
