{
  "version": 1,
  "dependencies": {
    ".NETCoreApp,Version=v3.1": {
      "Amazon.Lambda.Core": {
        "type": "Direct",
        "requested": "[1.2.0, )",
        "resolved": "1.2.0",
        "contentHash": "goaq1LaH1UJB18BNG/Apxmn0P7dAlLWFbxU2nKxK+M4lH2KJaZDbtlP2gFEAJ+aENOMBHthaLPEtk3944J2OOg=="
      },
      "Amazon.Lambda.Serialization.SystemTextJson": {
        "type": "Direct",
        "requested": "[2.1.0, )",
        "resolved": "2.1.0",
        "contentHash": "q2R4I77NrrAHDpcaWby9VA/XhE1tjG/2kpredwucRq7k4dTPCqqB7OFmbiFdlfuErrp2/9+X1l62c4unwVicpw==",
        "dependencies": {
          "Amazon.Lambda.Core": "1.2.0"
        }
      },
      "AWSSDK.Core": {
        "type": "Direct",
        "requested": "[3.5.1.30, )",
        "resolved": "3.5.1.30",
        "contentHash": "kNqzY/py4pDlW9aPn2SpnG7y7Mr4Z0jg/BdkHiRr9WLt7k/lwGMmJ5hd3x/ZHDkv8kIdjllkVrrhYkXvj6AkCA=="
      },
      "Microsoft.CodeAnalysis.CSharp.CodeStyle": {
        "type": "Direct",
        "requested": "[3.8.0-5.final, )",
        "resolved": "3.8.0-5.final",
        "contentHash": "fc0GooFJCJUbAXuatlAhKJw3Uv3ZL9p3zVVn+Ew4U8q0jZY+aTa1fRtn1IrjeZx7rbzNrrQbJX8S90VZhOwJ/g=="
      },
      "Microsoft.CodeAnalysis.FxCopAnalyzers": {
        "type": "Direct",
        "requested": "[3.3.0, )",
        "resolved": "3.3.0",
        "contentHash": "k3Icqx8kc+NrHImuiB8Jc/wd32Xeyd2B/7HOR5Qu9pyKzXQ4ikPeBAwzG2FSTuYhyIuNWvwL5k9yYBbbVz6w9w==",
        "dependencies": {
          "Microsoft.CodeAnalysis.VersionCheckAnalyzer": "[3.3.0]",
          "Microsoft.CodeQuality.Analyzers": "[3.3.0]",
          "Microsoft.NetCore.Analyzers": "[3.3.0]",
          "Microsoft.NetFramework.Analyzers": "[3.3.0]"
        }
      },
      "Microsoft.Extensions.Configuration": {
        "type": "Direct",
        "requested": "[5.0.0-rc.2.20475.5, )",
        "resolved": "5.0.0-rc.2.20475.5",
        "contentHash": "uIXKAkDWN5YrW9SCOuw0l76y/NXwZkkT4m4j5G1mPQtB/tWnZnFbwNoQtrJabfxgXZ2wzIHBrDdWx8pY5DXL5Q==",
        "dependencies": {
          "Microsoft.Extensions.Configuration.Abstractions": "5.0.0-rc.2.20475.5",
          "Microsoft.Extensions.Primitives": "5.0.0-rc.2.20475.5"
        }
      },
      "Microsoft.Extensions.Configuration.EnvironmentVariables": {
        "type": "Direct",
        "requested": "[5.0.0-rc.2.20475.5, )",
        "resolved": "5.0.0-rc.2.20475.5",
        "contentHash": "7WctpM8yTaTLS7vlBt37JLTS54KAOrhp9VrENudv2M+gY2fIS6IbdmWYHyAZ5BkJ7tiMHBxO9y5NCGdYYtG1nA==",
        "dependencies": {
          "Microsoft.Extensions.Configuration": "5.0.0-rc.2.20475.5",
          "Microsoft.Extensions.Configuration.Abstractions": "5.0.0-rc.2.20475.5"
        }
      },
      "Microsoft.Extensions.DependencyInjection": {
        "type": "Direct",
        "requested": "[5.0.0-rc.2.20475.5, )",
        "resolved": "5.0.0-rc.2.20475.5",
        "contentHash": "FOEZPxuU2cdWHKVXRadpuNBMLmY7dy/goYKs80liSDuVHgO8dhS3gUDYvO5PlRq7HXLjyk+CSzyh9pHxTWFosw==",
        "dependencies": {
          "Microsoft.Extensions.DependencyInjection.Abstractions": "5.0.0-rc.2.20475.5"
        }
      },
      "Microsoft.Extensions.Logging": {
        "type": "Direct",
        "requested": "[5.0.0-rc.2.20475.5, )",
        "resolved": "5.0.0-rc.2.20475.5",
        "contentHash": "aahJ/jfT4Gs4WRShNENKpZeyKoI4H7U2rZta0VBi2tPATIWgP+tEfh5lacRKPmposhcjcEhWRxxton4WMy1ZiA==",
        "dependencies": {
          "Microsoft.Extensions.DependencyInjection": "5.0.0-rc.2.20475.5",
          "Microsoft.Extensions.DependencyInjection.Abstractions": "5.0.0-rc.2.20475.5",
          "Microsoft.Extensions.Logging.Abstractions": "5.0.0-rc.2.20475.5",
          "Microsoft.Extensions.Options": "5.0.0-rc.2.20475.5",
          "System.Diagnostics.DiagnosticSource": "5.0.0-rc.2.20475.5"
        }
      },
      "Microsoft.Extensions.Logging.Console": {
        "type": "Direct",
        "requested": "[5.0.0-rc.2.20475.5, )",
        "resolved": "5.0.0-rc.2.20475.5",
        "contentHash": "5ZqkHM4nj7CBo/8vYbyJs7pPF29Pe52yh0gwKeTzLtlhhQx9IlP7LIBxLT989iDqFSP59tteSeI7RqFJVaUF3Q==",
        "dependencies": {
          "Microsoft.Extensions.Configuration.Abstractions": "5.0.0-rc.2.20475.5",
          "Microsoft.Extensions.DependencyInjection.Abstractions": "5.0.0-rc.2.20475.5",
          "Microsoft.Extensions.Logging": "5.0.0-rc.2.20475.5",
          "Microsoft.Extensions.Logging.Abstractions": "5.0.0-rc.2.20475.5",
          "Microsoft.Extensions.Logging.Configuration": "5.0.0-rc.2.20475.5",
          "Microsoft.Extensions.Options": "5.0.0-rc.2.20475.5",
          "Microsoft.Extensions.Options.ConfigurationExtensions": "5.0.0-rc.2.20475.5",
          "System.Text.Json": "5.0.0-rc.2.20475.5"
        }
      },
      "Microsoft.SourceLink.GitHub": {
        "type": "Direct",
        "requested": "[1.0.0, )",
        "resolved": "1.0.0",
        "contentHash": "aZyGyGg2nFSxix+xMkPmlmZSsnGQ3w+mIG23LTxJZHN+GPwTQ5FpPgDo7RMOq+Kcf5D4hFWfXkGhoGstawX13Q==",
        "dependencies": {
          "Microsoft.Build.Tasks.Git": "1.0.0",
          "Microsoft.SourceLink.Common": "1.0.0"
        }
      },
      "Nerdbank.GitVersioning": {
        "type": "Direct",
        "requested": "[3.3.37, )",
        "resolved": "3.3.37",
        "contentHash": "YlDKV/gSHQGDThWSGqVyPfKeNP/kx1fj/NPFFgGc/cxzgIbXv4jtYOcbFOz3ZIeAKtpCcSAmVNDOikBs3OxI/A=="
      },
      "StyleCop.Analyzers": {
        "type": "Direct",
        "requested": "[1.2.0-beta.205, )",
        "resolved": "1.2.0-beta.205",
        "contentHash": "ORvUXKlJRqAWstZiSH9LgEuM5hBye8mUDDSpMoQhiKLFUtFEGesfr88Qa8jC0KKVaBTUZzdo4fNZM4oHeV/JsQ==",
        "dependencies": {
          "StyleCop.Analyzers.Unstable": "1.2.0.205"
        }
      },
      "Microsoft.Build.Tasks.Git": {
        "type": "Transitive",
        "resolved": "1.0.0",
        "contentHash": "z2fpmmt+1Jfl+ZnBki9nSP08S1/tbEOxFdsK1rSR+LBehIJz1Xv9/6qOOoGNqlwnAGGVGis1Oj6S8Kt9COEYlQ=="
      },
      "Microsoft.CodeAnalysis.VersionCheckAnalyzer": {
        "type": "Transitive",
        "resolved": "3.3.0",
        "contentHash": "xjLM3DRFZMan3nQyBQEM1mBw6VqQybi4iMJhMFW6Ic1E1GCvqJR3ABOwEL7WtQjDUzxyrGld9bASnAos7G/Xyg=="
      },
      "Microsoft.CodeQuality.Analyzers": {
        "type": "Transitive",
        "resolved": "3.3.0",
        "contentHash": "zZ3miq6u22UFQKhfJyLnVEJ+DgeOopLh3eKJnKAcOetPP2hiv3wa7kHZlBDeTvtqJQiAQhAVbttket8XxjN1zw=="
      },
      "Microsoft.Extensions.Configuration.Abstractions": {
        "type": "Transitive",
        "resolved": "5.0.0-rc.2.20475.5",
        "contentHash": "jHzOsAQvgt18rRteAjLjed6Q1Z0JKtto+2hcQOddAEcXp6bgBqZt0MpLX808mrIUqYw+MVm7rJqPb+d9DCgvlg==",
        "dependencies": {
          "Microsoft.Extensions.Primitives": "5.0.0-rc.2.20475.5"
        }
      },
      "Microsoft.Extensions.Configuration.Binder": {
        "type": "Transitive",
        "resolved": "5.0.0-rc.2.20475.5",
        "contentHash": "UQaus2JvazeH2Pj/3nGPdidi2V1ZykUk/E6NWuhf2+0Rk7LREAsQNEwHD63R3gnQLJFIXrCMxaPPbuoFWbEmmQ==",
        "dependencies": {
          "Microsoft.Extensions.Configuration.Abstractions": "5.0.0-rc.2.20475.5"
        }
      },
      "Microsoft.Extensions.DependencyInjection.Abstractions": {
        "type": "Transitive",
        "resolved": "5.0.0-rc.2.20475.5",
        "contentHash": "le4g5HXKXq7nY/la+32poSbukp6ALj1tJfJtsLFtcE3oclqdWI58l8NbCIC+YidoNFY3L4FloRQQE+ivuqUEGw=="
      },
      "Microsoft.Extensions.Logging.Abstractions": {
        "type": "Transitive",
        "resolved": "5.0.0-rc.2.20475.5",
        "contentHash": "qcrbNFa0B5scnXkjOElPChw45O3oB6spesQwxpp0RZgm0869HXFaNOwXAn8eMfjJ/mm2ZhanK6WQMxyd0gpCLg=="
      },
      "Microsoft.Extensions.Logging.Configuration": {
        "type": "Transitive",
        "resolved": "5.0.0-rc.2.20475.5",
        "contentHash": "K7pDn1RG31iJQy06tUKBUgfgNFtYjgw34LcOI1xyVBvgMqEJdyzPou+ZHH9caeVuPMZGX/DlyBOteTK/12XYNg==",
        "dependencies": {
          "Microsoft.Extensions.Configuration": "5.0.0-rc.2.20475.5",
          "Microsoft.Extensions.Configuration.Abstractions": "5.0.0-rc.2.20475.5",
          "Microsoft.Extensions.Configuration.Binder": "5.0.0-rc.2.20475.5",
          "Microsoft.Extensions.DependencyInjection.Abstractions": "5.0.0-rc.2.20475.5",
          "Microsoft.Extensions.Logging": "5.0.0-rc.2.20475.5",
          "Microsoft.Extensions.Logging.Abstractions": "5.0.0-rc.2.20475.5",
          "Microsoft.Extensions.Options": "5.0.0-rc.2.20475.5",
          "Microsoft.Extensions.Options.ConfigurationExtensions": "5.0.0-rc.2.20475.5"
        }
      },
      "Microsoft.Extensions.Options": {
        "type": "Transitive",
        "resolved": "5.0.0-rc.2.20475.5",
        "contentHash": "iLY8bY1NwGT0McqGmII7nmPi9RjByMELcUMIRbgSQAKJmgF8DHvZALyPRPv7/IA8K3H4KEFfj3Erga5qNk8OwQ==",
        "dependencies": {
          "Microsoft.Extensions.DependencyInjection.Abstractions": "5.0.0-rc.2.20475.5",
          "Microsoft.Extensions.Primitives": "5.0.0-rc.2.20475.5"
        }
      },
      "Microsoft.Extensions.Options.ConfigurationExtensions": {
        "type": "Transitive",
        "resolved": "5.0.0-rc.2.20475.5",
        "contentHash": "QMYvztedAm+sofqH3APjKkc16cdNzQPx72iUmaWeCwdajE3y6mCNlZwiw7+lKxGwJuobyJojKcmqdG+HT2c1tg==",
        "dependencies": {
          "Microsoft.Extensions.Configuration.Abstractions": "5.0.0-rc.2.20475.5",
          "Microsoft.Extensions.Configuration.Binder": "5.0.0-rc.2.20475.5",
          "Microsoft.Extensions.DependencyInjection.Abstractions": "5.0.0-rc.2.20475.5",
          "Microsoft.Extensions.Options": "5.0.0-rc.2.20475.5",
          "Microsoft.Extensions.Primitives": "5.0.0-rc.2.20475.5"
        }
      },
      "Microsoft.Extensions.Primitives": {
        "type": "Transitive",
        "resolved": "5.0.0-rc.2.20475.5",
        "contentHash": "duohECwfJCGfbCEZRWvDBRkRPufCrBqbZx/YN7QzmniNj7nCRvii3DNRX4rzY3kOhAyvxpXVuKA4YbjOFPs41w=="
      },
      "Microsoft.NetCore.Analyzers": {
        "type": "Transitive",
        "resolved": "3.3.0",
        "contentHash": "6qptTHUu1Wfszuf83NhU0IoAb4j7YWOpJs6oc6S4G/nI6aGGWKH/Xi5Vs9L/8lrI74ijEEzPcIwafSQW5ASHtA=="
      },
      "Microsoft.NetFramework.Analyzers": {
        "type": "Transitive",
        "resolved": "3.3.0",
        "contentHash": "JTfMic5fEFWICePbr7GXOGPranqS9Qxu2U/BZEcnnGbK1SFW8TxRyGp6O1L52xsbfOdqmzjc0t5ubhDrjj+Xpg=="
      },
      "Microsoft.SourceLink.Common": {
        "type": "Transitive",
        "resolved": "1.0.0",
        "contentHash": "G8DuQY8/DK5NN+3jm5wcMcd9QYD90UV7MiLmdljSJixi3U/vNaeBKmmXUqI4DJCOeWizIUEh4ALhSt58mR+5eg=="
      },
      "StyleCop.Analyzers.Unstable": {
        "type": "Transitive",
        "resolved": "1.2.0.205",
        "contentHash": "YiRjba3yBp2mCvtsOeQf8XU1tPaOZFTKxcsj44tTpGrhRchmtuKtgyMCV9kkOFdfKISnHk0gzhigITlrrrvMuA=="
      },
      "System.Diagnostics.DiagnosticSource": {
        "type": "Transitive",
        "resolved": "5.0.0-rc.2.20475.5",
        "contentHash": "Ya6Fu/JamWHwPdN+qK4YQs1jyXOYmEveq4WhdB+x/t7l5PSjpinx91OGjmi9iiUtzCQKHgRrWhXxvA2IDtvc/A=="
      },
      "System.Text.Json": {
        "type": "Transitive",
        "resolved": "5.0.0-rc.2.20475.5",
        "contentHash": "HioIGLvEFyMANm+Ai6SvHyFs7N/rDgCJy8njVN37WEiqZtAM7w3vDWSKZ6+MKOs9mNxbgZ8rgemIgcgyhO8KRA=="
      },
      "Lambdajection.Attributes": {
        "type": "Project"
      }
    },
    ".NETStandard,Version=v2.1": {
      "Amazon.Lambda.Core": {
        "type": "Direct",
        "requested": "[1.2.0, )",
        "resolved": "1.2.0",
        "contentHash": "goaq1LaH1UJB18BNG/Apxmn0P7dAlLWFbxU2nKxK+M4lH2KJaZDbtlP2gFEAJ+aENOMBHthaLPEtk3944J2OOg=="
      },
      "AWSSDK.Core": {
        "type": "Direct",
        "requested": "[3.5.1.30, )",
        "resolved": "3.5.1.30",
        "contentHash": "kNqzY/py4pDlW9aPn2SpnG7y7Mr4Z0jg/BdkHiRr9WLt7k/lwGMmJ5hd3x/ZHDkv8kIdjllkVrrhYkXvj6AkCA==",
        "dependencies": {
          "Microsoft.Bcl.AsyncInterfaces": "1.1.0"
        }
      },
      "Microsoft.CodeAnalysis.CSharp.CodeStyle": {
        "type": "Direct",
        "requested": "[3.8.0-5.final, )",
        "resolved": "3.8.0-5.final",
        "contentHash": "fc0GooFJCJUbAXuatlAhKJw3Uv3ZL9p3zVVn+Ew4U8q0jZY+aTa1fRtn1IrjeZx7rbzNrrQbJX8S90VZhOwJ/g=="
      },
      "Microsoft.CodeAnalysis.FxCopAnalyzers": {
        "type": "Direct",
        "requested": "[3.3.0, )",
        "resolved": "3.3.0",
        "contentHash": "k3Icqx8kc+NrHImuiB8Jc/wd32Xeyd2B/7HOR5Qu9pyKzXQ4ikPeBAwzG2FSTuYhyIuNWvwL5k9yYBbbVz6w9w==",
        "dependencies": {
          "Microsoft.CodeAnalysis.VersionCheckAnalyzer": "[3.3.0]",
          "Microsoft.CodeQuality.Analyzers": "[3.3.0]",
          "Microsoft.NetCore.Analyzers": "[3.3.0]",
          "Microsoft.NetFramework.Analyzers": "[3.3.0]"
        }
      },
      "Microsoft.Extensions.Configuration": {
        "type": "Direct",
        "requested": "[5.0.0-rc.2.20475.5, )",
        "resolved": "5.0.0-rc.2.20475.5",
        "contentHash": "uIXKAkDWN5YrW9SCOuw0l76y/NXwZkkT4m4j5G1mPQtB/tWnZnFbwNoQtrJabfxgXZ2wzIHBrDdWx8pY5DXL5Q==",
        "dependencies": {
          "Microsoft.Extensions.Configuration.Abstractions": "5.0.0-rc.2.20475.5",
          "Microsoft.Extensions.Primitives": "5.0.0-rc.2.20475.5"
        }
      },
      "Microsoft.Extensions.Configuration.EnvironmentVariables": {
        "type": "Direct",
        "requested": "[5.0.0-rc.2.20475.5, )",
        "resolved": "5.0.0-rc.2.20475.5",
        "contentHash": "7WctpM8yTaTLS7vlBt37JLTS54KAOrhp9VrENudv2M+gY2fIS6IbdmWYHyAZ5BkJ7tiMHBxO9y5NCGdYYtG1nA==",
        "dependencies": {
          "Microsoft.Extensions.Configuration": "5.0.0-rc.2.20475.5",
          "Microsoft.Extensions.Configuration.Abstractions": "5.0.0-rc.2.20475.5"
        }
      },
      "Microsoft.Extensions.DependencyInjection": {
        "type": "Direct",
        "requested": "[5.0.0-rc.2.20475.5, )",
        "resolved": "5.0.0-rc.2.20475.5",
        "contentHash": "FOEZPxuU2cdWHKVXRadpuNBMLmY7dy/goYKs80liSDuVHgO8dhS3gUDYvO5PlRq7HXLjyk+CSzyh9pHxTWFosw==",
        "dependencies": {
          "Microsoft.Extensions.DependencyInjection.Abstractions": "5.0.0-rc.2.20475.5"
        }
      },
      "Microsoft.Extensions.Logging": {
        "type": "Direct",
        "requested": "[5.0.0-rc.2.20475.5, )",
        "resolved": "5.0.0-rc.2.20475.5",
        "contentHash": "aahJ/jfT4Gs4WRShNENKpZeyKoI4H7U2rZta0VBi2tPATIWgP+tEfh5lacRKPmposhcjcEhWRxxton4WMy1ZiA==",
        "dependencies": {
          "Microsoft.Extensions.DependencyInjection": "5.0.0-rc.2.20475.5",
          "Microsoft.Extensions.DependencyInjection.Abstractions": "5.0.0-rc.2.20475.5",
          "Microsoft.Extensions.Logging.Abstractions": "5.0.0-rc.2.20475.5",
          "Microsoft.Extensions.Options": "5.0.0-rc.2.20475.5",
          "System.Diagnostics.DiagnosticSource": "5.0.0-rc.2.20475.5"
        }
      },
      "Microsoft.Extensions.Logging.Console": {
        "type": "Direct",
        "requested": "[5.0.0-rc.2.20475.5, )",
        "resolved": "5.0.0-rc.2.20475.5",
        "contentHash": "5ZqkHM4nj7CBo/8vYbyJs7pPF29Pe52yh0gwKeTzLtlhhQx9IlP7LIBxLT989iDqFSP59tteSeI7RqFJVaUF3Q==",
        "dependencies": {
          "Microsoft.Extensions.Configuration.Abstractions": "5.0.0-rc.2.20475.5",
          "Microsoft.Extensions.DependencyInjection.Abstractions": "5.0.0-rc.2.20475.5",
          "Microsoft.Extensions.Logging": "5.0.0-rc.2.20475.5",
          "Microsoft.Extensions.Logging.Abstractions": "5.0.0-rc.2.20475.5",
          "Microsoft.Extensions.Logging.Configuration": "5.0.0-rc.2.20475.5",
          "Microsoft.Extensions.Options": "5.0.0-rc.2.20475.5",
          "Microsoft.Extensions.Options.ConfigurationExtensions": "5.0.0-rc.2.20475.5",
          "System.Buffers": "4.5.1",
          "System.Memory": "4.5.4",
          "System.Text.Json": "5.0.0-rc.2.20475.5"
        }
      },
      "Microsoft.SourceLink.GitHub": {
        "type": "Direct",
        "requested": "[1.0.0, )",
        "resolved": "1.0.0",
        "contentHash": "aZyGyGg2nFSxix+xMkPmlmZSsnGQ3w+mIG23LTxJZHN+GPwTQ5FpPgDo7RMOq+Kcf5D4hFWfXkGhoGstawX13Q==",
        "dependencies": {
          "Microsoft.Build.Tasks.Git": "1.0.0",
          "Microsoft.SourceLink.Common": "1.0.0"
        }
      },
      "Nerdbank.GitVersioning": {
        "type": "Direct",
        "requested": "[3.3.37, )",
        "resolved": "3.3.37",
        "contentHash": "YlDKV/gSHQGDThWSGqVyPfKeNP/kx1fj/NPFFgGc/cxzgIbXv4jtYOcbFOz3ZIeAKtpCcSAmVNDOikBs3OxI/A=="
      },
      "StyleCop.Analyzers": {
        "type": "Direct",
        "requested": "[1.2.0-beta.205, )",
        "resolved": "1.2.0-beta.205",
        "contentHash": "ORvUXKlJRqAWstZiSH9LgEuM5hBye8mUDDSpMoQhiKLFUtFEGesfr88Qa8jC0KKVaBTUZzdo4fNZM4oHeV/JsQ==",
        "dependencies": {
          "StyleCop.Analyzers.Unstable": "1.2.0.205"
        }
      },
      "Microsoft.Bcl.AsyncInterfaces": {
        "type": "Transitive",
        "resolved": "5.0.0-rc.2.20475.5",
        "contentHash": "gBKn9y/Kyal+oD8NihRwD2KASQPv64KbTcYeBz+Ys9aZ/UQD5G3/gik7S0vW1WL7ixQGMei+TfpUuvcm3ZeLmw=="
      },
      "Microsoft.Build.Tasks.Git": {
        "type": "Transitive",
        "resolved": "1.0.0",
        "contentHash": "z2fpmmt+1Jfl+ZnBki9nSP08S1/tbEOxFdsK1rSR+LBehIJz1Xv9/6qOOoGNqlwnAGGVGis1Oj6S8Kt9COEYlQ=="
      },
      "Microsoft.CodeAnalysis.VersionCheckAnalyzer": {
        "type": "Transitive",
        "resolved": "3.3.0",
        "contentHash": "xjLM3DRFZMan3nQyBQEM1mBw6VqQybi4iMJhMFW6Ic1E1GCvqJR3ABOwEL7WtQjDUzxyrGld9bASnAos7G/Xyg=="
      },
      "Microsoft.CodeQuality.Analyzers": {
        "type": "Transitive",
        "resolved": "3.3.0",
        "contentHash": "zZ3miq6u22UFQKhfJyLnVEJ+DgeOopLh3eKJnKAcOetPP2hiv3wa7kHZlBDeTvtqJQiAQhAVbttket8XxjN1zw=="
      },
      "Microsoft.Extensions.Configuration.Abstractions": {
        "type": "Transitive",
        "resolved": "5.0.0-rc.2.20475.5",
        "contentHash": "jHzOsAQvgt18rRteAjLjed6Q1Z0JKtto+2hcQOddAEcXp6bgBqZt0MpLX808mrIUqYw+MVm7rJqPb+d9DCgvlg==",
        "dependencies": {
          "Microsoft.Extensions.Primitives": "5.0.0-rc.2.20475.5"
        }
      },
      "Microsoft.Extensions.Configuration.Binder": {
        "type": "Transitive",
        "resolved": "5.0.0-rc.2.20475.5",
        "contentHash": "UQaus2JvazeH2Pj/3nGPdidi2V1ZykUk/E6NWuhf2+0Rk7LREAsQNEwHD63R3gnQLJFIXrCMxaPPbuoFWbEmmQ==",
        "dependencies": {
          "Microsoft.Extensions.Configuration.Abstractions": "5.0.0-rc.2.20475.5"
        }
      },
      "Microsoft.Extensions.DependencyInjection.Abstractions": {
        "type": "Transitive",
        "resolved": "5.0.0-rc.2.20475.5",
        "contentHash": "le4g5HXKXq7nY/la+32poSbukp6ALj1tJfJtsLFtcE3oclqdWI58l8NbCIC+YidoNFY3L4FloRQQE+ivuqUEGw=="
      },
      "Microsoft.Extensions.Logging.Abstractions": {
        "type": "Transitive",
        "resolved": "5.0.0-rc.2.20475.5",
        "contentHash": "qcrbNFa0B5scnXkjOElPChw45O3oB6spesQwxpp0RZgm0869HXFaNOwXAn8eMfjJ/mm2ZhanK6WQMxyd0gpCLg=="
      },
      "Microsoft.Extensions.Logging.Configuration": {
        "type": "Transitive",
        "resolved": "5.0.0-rc.2.20475.5",
        "contentHash": "K7pDn1RG31iJQy06tUKBUgfgNFtYjgw34LcOI1xyVBvgMqEJdyzPou+ZHH9caeVuPMZGX/DlyBOteTK/12XYNg==",
        "dependencies": {
          "Microsoft.Extensions.Configuration": "5.0.0-rc.2.20475.5",
          "Microsoft.Extensions.Configuration.Abstractions": "5.0.0-rc.2.20475.5",
          "Microsoft.Extensions.Configuration.Binder": "5.0.0-rc.2.20475.5",
          "Microsoft.Extensions.DependencyInjection.Abstractions": "5.0.0-rc.2.20475.5",
          "Microsoft.Extensions.Logging": "5.0.0-rc.2.20475.5",
          "Microsoft.Extensions.Logging.Abstractions": "5.0.0-rc.2.20475.5",
          "Microsoft.Extensions.Options": "5.0.0-rc.2.20475.5",
          "Microsoft.Extensions.Options.ConfigurationExtensions": "5.0.0-rc.2.20475.5"
        }
      },
      "Microsoft.Extensions.Options": {
        "type": "Transitive",
        "resolved": "5.0.0-rc.2.20475.5",
        "contentHash": "iLY8bY1NwGT0McqGmII7nmPi9RjByMELcUMIRbgSQAKJmgF8DHvZALyPRPv7/IA8K3H4KEFfj3Erga5qNk8OwQ==",
        "dependencies": {
          "Microsoft.Extensions.DependencyInjection.Abstractions": "5.0.0-rc.2.20475.5",
          "Microsoft.Extensions.Primitives": "5.0.0-rc.2.20475.5"
        }
      },
      "Microsoft.Extensions.Options.ConfigurationExtensions": {
        "type": "Transitive",
        "resolved": "5.0.0-rc.2.20475.5",
        "contentHash": "QMYvztedAm+sofqH3APjKkc16cdNzQPx72iUmaWeCwdajE3y6mCNlZwiw7+lKxGwJuobyJojKcmqdG+HT2c1tg==",
        "dependencies": {
          "Microsoft.Extensions.Configuration.Abstractions": "5.0.0-rc.2.20475.5",
          "Microsoft.Extensions.Configuration.Binder": "5.0.0-rc.2.20475.5",
          "Microsoft.Extensions.DependencyInjection.Abstractions": "5.0.0-rc.2.20475.5",
          "Microsoft.Extensions.Options": "5.0.0-rc.2.20475.5",
          "Microsoft.Extensions.Primitives": "5.0.0-rc.2.20475.5"
        }
      },
      "Microsoft.Extensions.Primitives": {
        "type": "Transitive",
        "resolved": "5.0.0-rc.2.20475.5",
        "contentHash": "duohECwfJCGfbCEZRWvDBRkRPufCrBqbZx/YN7QzmniNj7nCRvii3DNRX4rzY3kOhAyvxpXVuKA4YbjOFPs41w==",
        "dependencies": {
          "System.Buffers": "4.5.1",
          "System.Memory": "4.5.4",
          "System.Runtime.CompilerServices.Unsafe": "5.0.0-rc.2.20475.5"
        }
      },
      "Microsoft.NetCore.Analyzers": {
        "type": "Transitive",
        "resolved": "3.3.0",
        "contentHash": "6qptTHUu1Wfszuf83NhU0IoAb4j7YWOpJs6oc6S4G/nI6aGGWKH/Xi5Vs9L/8lrI74ijEEzPcIwafSQW5ASHtA=="
      },
      "Microsoft.NetFramework.Analyzers": {
        "type": "Transitive",
        "resolved": "3.3.0",
        "contentHash": "JTfMic5fEFWICePbr7GXOGPranqS9Qxu2U/BZEcnnGbK1SFW8TxRyGp6O1L52xsbfOdqmzjc0t5ubhDrjj+Xpg=="
      },
      "Microsoft.SourceLink.Common": {
        "type": "Transitive",
        "resolved": "1.0.0",
        "contentHash": "G8DuQY8/DK5NN+3jm5wcMcd9QYD90UV7MiLmdljSJixi3U/vNaeBKmmXUqI4DJCOeWizIUEh4ALhSt58mR+5eg=="
      },
      "StyleCop.Analyzers.Unstable": {
        "type": "Transitive",
        "resolved": "1.2.0.205",
        "contentHash": "YiRjba3yBp2mCvtsOeQf8XU1tPaOZFTKxcsj44tTpGrhRchmtuKtgyMCV9kkOFdfKISnHk0gzhigITlrrrvMuA=="
      },
      "System.Buffers": {
        "type": "Transitive",
        "resolved": "4.5.1",
        "contentHash": "Rw7ijyl1qqRS0YQD/WycNst8hUUMgrMH4FCn1nNm27M4VxchZ1js3fVjQaANHO5f3sN4isvP4a+Met9Y4YomAg=="
      },
      "System.Diagnostics.DiagnosticSource": {
        "type": "Transitive",
        "resolved": "5.0.0-rc.2.20475.5",
        "contentHash": "Ya6Fu/JamWHwPdN+qK4YQs1jyXOYmEveq4WhdB+x/t7l5PSjpinx91OGjmi9iiUtzCQKHgRrWhXxvA2IDtvc/A==",
        "dependencies": {
          "System.Memory": "4.5.4",
          "System.Runtime.CompilerServices.Unsafe": "5.0.0-rc.2.20475.5"
        }
      },
      "System.Memory": {
        "type": "Transitive",
        "resolved": "4.5.4",
        "contentHash": "1MbJTHS1lZ4bS4FmsJjnuGJOu88ZzTT2rLvrhW7Ygic+pC0NWA+3hgAen0HRdsocuQXCkUTdFn9yHJJhsijDXw==",
        "dependencies": {
          "System.Buffers": "4.5.1",
          "System.Numerics.Vectors": "4.4.0",
          "System.Runtime.CompilerServices.Unsafe": "4.5.3"
        }
      },
      "System.Numerics.Vectors": {
        "type": "Transitive",
        "resolved": "4.5.0",
        "contentHash": "QQTlPTl06J/iiDbJCiepZ4H//BVraReU4O4EoRw1U02H5TLUIT7xn3GnDp9AXPSlJUDyFs4uWjWafNX6WrAojQ=="
      },
      "System.Runtime.CompilerServices.Unsafe": {
        "type": "Transitive",
        "resolved": "5.0.0-rc.2.20475.5",
        "contentHash": "7wCflziHWtfdVyK9shdQgXALWbwXMzHnIUbiGl1VQDVBRKtYp1APJVhaPxrV96D8aDWlQ2rNpKHsePj2Y01UXw=="
      },
      "System.Text.Encodings.Web": {
        "type": "Transitive",
        "resolved": "5.0.0-rc.2.20475.5",
        "contentHash": "hupnXMeu6/r6nVaXvE8dql4bYfGDDIBWz+2XvjRsWDpIpRCkntquc8s5v6a9aUVLjj9yMZv7Q+8992GbGIEkng=="
      },
      "System.Text.Json": {
        "type": "Transitive",
        "resolved": "5.0.0-rc.2.20475.5",
        "contentHash": "HioIGLvEFyMANm+Ai6SvHyFs7N/rDgCJy8njVN37WEiqZtAM7w3vDWSKZ6+MKOs9mNxbgZ8rgemIgcgyhO8KRA==",
        "dependencies": {
          "Microsoft.Bcl.AsyncInterfaces": "5.0.0-rc.2.20475.5",
          "System.Buffers": "4.5.1",
          "System.Memory": "4.5.4",
          "System.Numerics.Vectors": "4.5.0",
          "System.Runtime.CompilerServices.Unsafe": "5.0.0-rc.2.20475.5",
          "System.Text.Encodings.Web": "5.0.0-rc.2.20475.5",
          "System.Threading.Tasks.Extensions": "4.5.4"
        }
      },
      "System.Threading.Tasks.Extensions": {
        "type": "Transitive",
        "resolved": "4.5.4",
        "contentHash": "zteT+G8xuGu6mS+mzDzYXbzS7rd3K6Fjb9RiZlYlJPam2/hU7JCBZBVEcywNuR+oZ1ncTvc/cq0faRr3P01OVg==",
        "dependencies": {
          "System.Runtime.CompilerServices.Unsafe": "4.5.3"
        }
      },
      "Lambdajection.Attributes": {
        "type": "Project"
      }
    },
    ".NETCoreApp,Version=v5.0": {
      "Amazon.Lambda.Core": {
        "type": "Direct",
        "requested": "[1.2.0, )",
        "resolved": "1.2.0",
        "contentHash": "goaq1LaH1UJB18BNG/Apxmn0P7dAlLWFbxU2nKxK+M4lH2KJaZDbtlP2gFEAJ+aENOMBHthaLPEtk3944J2OOg=="
      },
      "Amazon.Lambda.Serialization.SystemTextJson": {
        "type": "Direct",
        "requested": "[2.1.0, )",
        "resolved": "2.1.0",
        "contentHash": "q2R4I77NrrAHDpcaWby9VA/XhE1tjG/2kpredwucRq7k4dTPCqqB7OFmbiFdlfuErrp2/9+X1l62c4unwVicpw==",
        "dependencies": {
          "Amazon.Lambda.Core": "1.2.0"
        }
      },
      "AWSSDK.Core": {
        "type": "Direct",
        "requested": "[3.5.1.30, )",
        "resolved": "3.5.1.30",
        "contentHash": "kNqzY/py4pDlW9aPn2SpnG7y7Mr4Z0jg/BdkHiRr9WLt7k/lwGMmJ5hd3x/ZHDkv8kIdjllkVrrhYkXvj6AkCA=="
      },
      "Microsoft.CodeAnalysis.CSharp.CodeStyle": {
        "type": "Direct",
        "requested": "[3.8.0-5.final, )",
        "resolved": "3.8.0-5.final",
        "contentHash": "fc0GooFJCJUbAXuatlAhKJw3Uv3ZL9p3zVVn+Ew4U8q0jZY+aTa1fRtn1IrjeZx7rbzNrrQbJX8S90VZhOwJ/g=="
      },
      "Microsoft.CodeAnalysis.FxCopAnalyzers": {
        "type": "Direct",
        "requested": "[3.3.0, )",
        "resolved": "3.3.0",
        "contentHash": "k3Icqx8kc+NrHImuiB8Jc/wd32Xeyd2B/7HOR5Qu9pyKzXQ4ikPeBAwzG2FSTuYhyIuNWvwL5k9yYBbbVz6w9w==",
        "dependencies": {
          "Microsoft.CodeAnalysis.VersionCheckAnalyzer": "[3.3.0]",
          "Microsoft.CodeQuality.Analyzers": "[3.3.0]",
          "Microsoft.NetCore.Analyzers": "[3.3.0]",
          "Microsoft.NetFramework.Analyzers": "[3.3.0]"
        }
      },
      "Microsoft.Extensions.Configuration": {
        "type": "Direct",
        "requested": "[5.0.0-rc.2.20475.5, )",
        "resolved": "5.0.0-rc.2.20475.5",
        "contentHash": "uIXKAkDWN5YrW9SCOuw0l76y/NXwZkkT4m4j5G1mPQtB/tWnZnFbwNoQtrJabfxgXZ2wzIHBrDdWx8pY5DXL5Q==",
        "dependencies": {
          "Microsoft.Extensions.Configuration.Abstractions": "5.0.0-rc.2.20475.5",
          "Microsoft.Extensions.Primitives": "5.0.0-rc.2.20475.5"
        }
      },
      "Microsoft.Extensions.Configuration.EnvironmentVariables": {
        "type": "Direct",
        "requested": "[5.0.0-rc.2.20475.5, )",
        "resolved": "5.0.0-rc.2.20475.5",
        "contentHash": "7WctpM8yTaTLS7vlBt37JLTS54KAOrhp9VrENudv2M+gY2fIS6IbdmWYHyAZ5BkJ7tiMHBxO9y5NCGdYYtG1nA==",
        "dependencies": {
          "Microsoft.Extensions.Configuration": "5.0.0-rc.2.20475.5",
          "Microsoft.Extensions.Configuration.Abstractions": "5.0.0-rc.2.20475.5"
        }
      },
      "Microsoft.Extensions.DependencyInjection": {
        "type": "Direct",
        "requested": "[5.0.0-rc.2.20475.5, )",
        "resolved": "5.0.0-rc.2.20475.5",
        "contentHash": "FOEZPxuU2cdWHKVXRadpuNBMLmY7dy/goYKs80liSDuVHgO8dhS3gUDYvO5PlRq7HXLjyk+CSzyh9pHxTWFosw==",
        "dependencies": {
          "Microsoft.Extensions.DependencyInjection.Abstractions": "5.0.0-rc.2.20475.5"
        }
      },
      "Microsoft.Extensions.Logging": {
        "type": "Direct",
        "requested": "[5.0.0-rc.2.20475.5, )",
        "resolved": "5.0.0-rc.2.20475.5",
        "contentHash": "aahJ/jfT4Gs4WRShNENKpZeyKoI4H7U2rZta0VBi2tPATIWgP+tEfh5lacRKPmposhcjcEhWRxxton4WMy1ZiA==",
        "dependencies": {
          "Microsoft.Extensions.DependencyInjection": "5.0.0-rc.2.20475.5",
          "Microsoft.Extensions.DependencyInjection.Abstractions": "5.0.0-rc.2.20475.5",
          "Microsoft.Extensions.Logging.Abstractions": "5.0.0-rc.2.20475.5",
          "Microsoft.Extensions.Options": "5.0.0-rc.2.20475.5"
        }
      },
      "Microsoft.Extensions.Logging.Console": {
        "type": "Direct",
        "requested": "[5.0.0-rc.2.20475.5, )",
        "resolved": "5.0.0-rc.2.20475.5",
        "contentHash": "5ZqkHM4nj7CBo/8vYbyJs7pPF29Pe52yh0gwKeTzLtlhhQx9IlP7LIBxLT989iDqFSP59tteSeI7RqFJVaUF3Q==",
        "dependencies": {
          "Microsoft.Extensions.Configuration.Abstractions": "5.0.0-rc.2.20475.5",
          "Microsoft.Extensions.DependencyInjection.Abstractions": "5.0.0-rc.2.20475.5",
          "Microsoft.Extensions.Logging": "5.0.0-rc.2.20475.5",
          "Microsoft.Extensions.Logging.Abstractions": "5.0.0-rc.2.20475.5",
          "Microsoft.Extensions.Logging.Configuration": "5.0.0-rc.2.20475.5",
          "Microsoft.Extensions.Options": "5.0.0-rc.2.20475.5",
          "Microsoft.Extensions.Options.ConfigurationExtensions": "5.0.0-rc.2.20475.5"
        }
      },
      "Microsoft.SourceLink.GitHub": {
        "type": "Direct",
        "requested": "[1.0.0, )",
        "resolved": "1.0.0",
        "contentHash": "aZyGyGg2nFSxix+xMkPmlmZSsnGQ3w+mIG23LTxJZHN+GPwTQ5FpPgDo7RMOq+Kcf5D4hFWfXkGhoGstawX13Q==",
        "dependencies": {
          "Microsoft.Build.Tasks.Git": "1.0.0",
          "Microsoft.SourceLink.Common": "1.0.0"
        }
      },
      "Nerdbank.GitVersioning": {
        "type": "Direct",
        "requested": "[3.3.37, )",
        "resolved": "3.3.37",
        "contentHash": "YlDKV/gSHQGDThWSGqVyPfKeNP/kx1fj/NPFFgGc/cxzgIbXv4jtYOcbFOz3ZIeAKtpCcSAmVNDOikBs3OxI/A=="
      },
      "StyleCop.Analyzers": {
        "type": "Direct",
        "requested": "[1.2.0-beta.205, )",
        "resolved": "1.2.0-beta.205",
        "contentHash": "ORvUXKlJRqAWstZiSH9LgEuM5hBye8mUDDSpMoQhiKLFUtFEGesfr88Qa8jC0KKVaBTUZzdo4fNZM4oHeV/JsQ==",
        "dependencies": {
          "StyleCop.Analyzers.Unstable": "1.2.0.205"
        }
      },
      "Microsoft.Build.Tasks.Git": {
        "type": "Transitive",
        "resolved": "1.0.0",
        "contentHash": "z2fpmmt+1Jfl+ZnBki9nSP08S1/tbEOxFdsK1rSR+LBehIJz1Xv9/6qOOoGNqlwnAGGVGis1Oj6S8Kt9COEYlQ=="
      },
      "Microsoft.CodeAnalysis.VersionCheckAnalyzer": {
        "type": "Transitive",
        "resolved": "3.3.0",
        "contentHash": "xjLM3DRFZMan3nQyBQEM1mBw6VqQybi4iMJhMFW6Ic1E1GCvqJR3ABOwEL7WtQjDUzxyrGld9bASnAos7G/Xyg=="
      },
      "Microsoft.CodeQuality.Analyzers": {
        "type": "Transitive",
        "resolved": "3.3.0",
        "contentHash": "zZ3miq6u22UFQKhfJyLnVEJ+DgeOopLh3eKJnKAcOetPP2hiv3wa7kHZlBDeTvtqJQiAQhAVbttket8XxjN1zw=="
      },
      "Microsoft.Extensions.Configuration.Abstractions": {
        "type": "Transitive",
        "resolved": "5.0.0-rc.2.20475.5",
        "contentHash": "jHzOsAQvgt18rRteAjLjed6Q1Z0JKtto+2hcQOddAEcXp6bgBqZt0MpLX808mrIUqYw+MVm7rJqPb+d9DCgvlg==",
        "dependencies": {
          "Microsoft.Extensions.Primitives": "5.0.0-rc.2.20475.5"
        }
      },
      "Microsoft.Extensions.Configuration.Binder": {
        "type": "Transitive",
        "resolved": "5.0.0-rc.2.20475.5",
        "contentHash": "UQaus2JvazeH2Pj/3nGPdidi2V1ZykUk/E6NWuhf2+0Rk7LREAsQNEwHD63R3gnQLJFIXrCMxaPPbuoFWbEmmQ==",
        "dependencies": {
          "Microsoft.Extensions.Configuration.Abstractions": "5.0.0-rc.2.20475.5"
        }
      },
      "Microsoft.Extensions.DependencyInjection.Abstractions": {
        "type": "Transitive",
        "resolved": "5.0.0-rc.2.20475.5",
        "contentHash": "le4g5HXKXq7nY/la+32poSbukp6ALj1tJfJtsLFtcE3oclqdWI58l8NbCIC+YidoNFY3L4FloRQQE+ivuqUEGw=="
      },
      "Microsoft.Extensions.Logging.Abstractions": {
        "type": "Transitive",
        "resolved": "5.0.0-rc.2.20475.5",
        "contentHash": "qcrbNFa0B5scnXkjOElPChw45O3oB6spesQwxpp0RZgm0869HXFaNOwXAn8eMfjJ/mm2ZhanK6WQMxyd0gpCLg=="
      },
      "Microsoft.Extensions.Logging.Configuration": {
        "type": "Transitive",
        "resolved": "5.0.0-rc.2.20475.5",
        "contentHash": "K7pDn1RG31iJQy06tUKBUgfgNFtYjgw34LcOI1xyVBvgMqEJdyzPou+ZHH9caeVuPMZGX/DlyBOteTK/12XYNg==",
        "dependencies": {
          "Microsoft.Extensions.Configuration": "5.0.0-rc.2.20475.5",
          "Microsoft.Extensions.Configuration.Abstractions": "5.0.0-rc.2.20475.5",
          "Microsoft.Extensions.Configuration.Binder": "5.0.0-rc.2.20475.5",
          "Microsoft.Extensions.DependencyInjection.Abstractions": "5.0.0-rc.2.20475.5",
          "Microsoft.Extensions.Logging": "5.0.0-rc.2.20475.5",
          "Microsoft.Extensions.Logging.Abstractions": "5.0.0-rc.2.20475.5",
          "Microsoft.Extensions.Options": "5.0.0-rc.2.20475.5",
          "Microsoft.Extensions.Options.ConfigurationExtensions": "5.0.0-rc.2.20475.5"
        }
      },
      "Microsoft.Extensions.Options": {
        "type": "Transitive",
        "resolved": "5.0.0-rc.2.20475.5",
        "contentHash": "iLY8bY1NwGT0McqGmII7nmPi9RjByMELcUMIRbgSQAKJmgF8DHvZALyPRPv7/IA8K3H4KEFfj3Erga5qNk8OwQ==",
        "dependencies": {
          "Microsoft.Extensions.DependencyInjection.Abstractions": "5.0.0-rc.2.20475.5",
          "Microsoft.Extensions.Primitives": "5.0.0-rc.2.20475.5"
        }
      },
      "Microsoft.Extensions.Options.ConfigurationExtensions": {
        "type": "Transitive",
        "resolved": "5.0.0-rc.2.20475.5",
        "contentHash": "QMYvztedAm+sofqH3APjKkc16cdNzQPx72iUmaWeCwdajE3y6mCNlZwiw7+lKxGwJuobyJojKcmqdG+HT2c1tg==",
        "dependencies": {
          "Microsoft.Extensions.Configuration.Abstractions": "5.0.0-rc.2.20475.5",
          "Microsoft.Extensions.Configuration.Binder": "5.0.0-rc.2.20475.5",
          "Microsoft.Extensions.DependencyInjection.Abstractions": "5.0.0-rc.2.20475.5",
          "Microsoft.Extensions.Options": "5.0.0-rc.2.20475.5",
          "Microsoft.Extensions.Primitives": "5.0.0-rc.2.20475.5"
        }
      },
      "Microsoft.Extensions.Primitives": {
        "type": "Transitive",
        "resolved": "5.0.0-rc.2.20475.5",
        "contentHash": "duohECwfJCGfbCEZRWvDBRkRPufCrBqbZx/YN7QzmniNj7nCRvii3DNRX4rzY3kOhAyvxpXVuKA4YbjOFPs41w=="
      },
      "Microsoft.NetCore.Analyzers": {
        "type": "Transitive",
        "resolved": "3.3.0",
        "contentHash": "6qptTHUu1Wfszuf83NhU0IoAb4j7YWOpJs6oc6S4G/nI6aGGWKH/Xi5Vs9L/8lrI74ijEEzPcIwafSQW5ASHtA=="
      },
      "Microsoft.NetFramework.Analyzers": {
        "type": "Transitive",
        "resolved": "3.3.0",
        "contentHash": "JTfMic5fEFWICePbr7GXOGPranqS9Qxu2U/BZEcnnGbK1SFW8TxRyGp6O1L52xsbfOdqmzjc0t5ubhDrjj+Xpg=="
      },
      "Microsoft.SourceLink.Common": {
        "type": "Transitive",
        "resolved": "1.0.0",
        "contentHash": "G8DuQY8/DK5NN+3jm5wcMcd9QYD90UV7MiLmdljSJixi3U/vNaeBKmmXUqI4DJCOeWizIUEh4ALhSt58mR+5eg=="
      },
      "StyleCop.Analyzers.Unstable": {
        "type": "Transitive",
        "resolved": "1.2.0.205",
        "contentHash": "YiRjba3yBp2mCvtsOeQf8XU1tPaOZFTKxcsj44tTpGrhRchmtuKtgyMCV9kkOFdfKISnHk0gzhigITlrrrvMuA=="
      },
      "Lambdajection.Attributes": {
        "type": "Project"
      }
    }
  }
}